// !$*UTF8*$!
{
	archiveVersion = 1;
	classes = {
	};
	objectVersion = 56;
	objects = {

/* Begin PBXBuildFile section */
		DF1FFCB02C6A42FF00C52627 /* AppDelegate.swift in Sources */ = {isa = PBXBuildFile; fileRef = DF1FFCAF2C6A42FF00C52627 /* AppDelegate.swift */; };
		DF1FFCB22C6A42FF00C52627 /* SceneDelegate.swift in Sources */ = {isa = PBXBuildFile; fileRef = DF1FFCB12C6A42FF00C52627 /* SceneDelegate.swift */; };
		DF1FFCB42C6A42FF00C52627 /* ViewController.swift in Sources */ = {isa = PBXBuildFile; fileRef = DF1FFCB32C6A42FF00C52627 /* ViewController.swift */; };
		DF1FFCB72C6A42FF00C52627 /* Base in Resources */ = {isa = PBXBuildFile; fileRef = DF1FFCB62C6A42FF00C52627 /* Base */; };
		DF1FFCB92C6A430000C52627 /* Assets.xcassets in Resources */ = {isa = PBXBuildFile; fileRef = DF1FFCB82C6A430000C52627 /* Assets.xcassets */; };
		DF1FFCBC2C6A430000C52627 /* Base in Resources */ = {isa = PBXBuildFile; fileRef = DF1FFCBB2C6A430000C52627 /* Base */; };
		DF1FFCFE2C6A457B00C52627 /* .gitignore in Resources */ = {isa = PBXBuildFile; fileRef = DF1FFCFD2C6A457B00C52627 /* .gitignore */; };
		DF1FFD012C6A471400C52627 /* readme.md in Resources */ = {isa = PBXBuildFile; fileRef = DF1FFD002C6A471400C52627 /* readme.md */; };
		DF6943652C705C610013DD68 /* AppDelegate.swift in Sources */ = {isa = PBXBuildFile; fileRef = DF6943512C705C600013DD68 /* AppDelegate.swift */; };
		DF6943662C705C610013DD68 /* Assets.xcassets in Resources */ = {isa = PBXBuildFile; fileRef = DF6943522C705C600013DD68 /* Assets.xcassets */; };
		DF6943672C705C610013DD68 /* Config.xcconfig in Resources */ = {isa = PBXBuildFile; fileRef = DF6943532C705C600013DD68 /* Config.xcconfig */; };
		DF6943682C705C610013DD68 /* Info.plist in Resources */ = {isa = PBXBuildFile; fileRef = DF6943542C705C600013DD68 /* Info.plist */; };
		DF6943692C705C610013DD68 /* KakaoAuthVM.swift in Sources */ = {isa = PBXBuildFile; fileRef = DF6943552C705C600013DD68 /* KakaoAuthVM.swift */; };
		DF69436A2C705C610013DD68 /* LaunchScreen.storyboard in Resources */ = {isa = PBXBuildFile; fileRef = DF6943572C705C600013DD68 /* LaunchScreen.storyboard */; };
		DF69436B2C705C610013DD68 /* Main.storyboard in Resources */ = {isa = PBXBuildFile; fileRef = DF6943592C705C600013DD68 /* Main.storyboard */; };
		DF69436C2C705C610013DD68 /* SceneDelegate.swift in Sources */ = {isa = PBXBuildFile; fileRef = DF69435A2C705C600013DD68 /* SceneDelegate.swift */; };
		DF69436D2C705C610013DD68 /* ViewController.swift in Sources */ = {isa = PBXBuildFile; fileRef = DF69435B2C705C600013DD68 /* ViewController.swift */; };
		DF69436E2C705C610013DD68 /* readme.md in Resources */ = {isa = PBXBuildFile; fileRef = DF69435D2C705C600013DD68 /* readme.md */; };
		DF6943832C705CA50013DD68 /* KakaoAuthVM.swift in Sources */ = {isa = PBXBuildFile; fileRef = DF69436F2C705CA50013DD68 /* KakaoAuthVM.swift */; };
		DF6943842C705CA50013DD68 /* LoginView.swift in Sources */ = {isa = PBXBuildFile; fileRef = DF6943702C705CA50013DD68 /* LoginView.swift */; };
		DF6943852C705CA50013DD68 /* MyAppDelegate.swift in Sources */ = {isa = PBXBuildFile; fileRef = DF6943712C705CA50013DD68 /* MyAppDelegate.swift */; };
		DF6943862C705CA50013DD68 /* MySceneDelegate.swift in Sources */ = {isa = PBXBuildFile; fileRef = DF6943722C705CA50013DD68 /* MySceneDelegate.swift */; };
		DF6943872C705CA50013DD68 /* Preview Assets.xcassets in Resources */ = {isa = PBXBuildFile; fileRef = DF6943742C705CA50013DD68 /* Preview Assets.xcassets */; };
		DF6943882C705CA50013DD68 /* Assets.xcassets in Resources */ = {isa = PBXBuildFile; fileRef = DF6943762C705CA50013DD68 /* Assets.xcassets */; };
		DF6943892C705CA50013DD68 /* Config.xcconfig in Resources */ = {isa = PBXBuildFile; fileRef = DF6943772C705CA50013DD68 /* Config.xcconfig */; };
		DF69438A2C705CA50013DD68 /* ContentView.swift in Sources */ = {isa = PBXBuildFile; fileRef = DF6943782C705CA50013DD68 /* ContentView.swift */; };
		DF69438B2C705CA50013DD68 /* Social_Login_SwiftUIApp.swift in Sources */ = {isa = PBXBuildFile; fileRef = DF6943792C705CA50013DD68 /* Social_Login_SwiftUIApp.swift */; };
		DF69438C2C705CA50013DD68 /* Social-Login-SwiftUI-Info.plist in Resources */ = {isa = PBXBuildFile; fileRef = DF69437C2C705CA50013DD68 /* Social-Login-SwiftUI-Info.plist */; };
/* End PBXBuildFile section */

/* Begin PBXContainerItemProxy section */
		DF6943632C705C610013DD68 /* PBXContainerItemProxy */ = {
			isa = PBXContainerItemProxy;
			containerPortal = DF69435E2C705C600013DD68 /* SocialLogin.xcodeproj */;
			proxyType = 2;
			remoteGlobalIDString = DFF5E5972C6A341D00BC777A;
			remoteInfo = SocialLogin;
		};
		DF6943812C705CA50013DD68 /* PBXContainerItemProxy */ = {
			isa = PBXContainerItemProxy;
			containerPortal = DF69437B2C705CA50013DD68 /* Social_Login_SwiftUI.xcodeproj */;
			proxyType = 2;
			remoteGlobalIDString = DF3D2A812C6DC6E9005BB937;
			remoteInfo = Social_Login_SwiftUI;
		};
/* End PBXContainerItemProxy section */

/* Begin PBXFileReference section */
		DF1FFCAC2C6A42FF00C52627 /* iOSDevLibrary.app */ = {isa = PBXFileReference; explicitFileType = wrapper.application; includeInIndex = 0; path = iOSDevLibrary.app; sourceTree = BUILT_PRODUCTS_DIR; };
		DF1FFCAF2C6A42FF00C52627 /* AppDelegate.swift */ = {isa = PBXFileReference; lastKnownFileType = sourcecode.swift; path = AppDelegate.swift; sourceTree = "<group>"; };
		DF1FFCB12C6A42FF00C52627 /* SceneDelegate.swift */ = {isa = PBXFileReference; lastKnownFileType = sourcecode.swift; path = SceneDelegate.swift; sourceTree = "<group>"; };
		DF1FFCB32C6A42FF00C52627 /* ViewController.swift */ = {isa = PBXFileReference; lastKnownFileType = sourcecode.swift; path = ViewController.swift; sourceTree = "<group>"; };
		DF1FFCB62C6A42FF00C52627 /* Base */ = {isa = PBXFileReference; lastKnownFileType = file.storyboard; name = Base; path = Base.lproj/Main.storyboard; sourceTree = "<group>"; };
		DF1FFCB82C6A430000C52627 /* Assets.xcassets */ = {isa = PBXFileReference; lastKnownFileType = folder.assetcatalog; path = Assets.xcassets; sourceTree = "<group>"; };
		DF1FFCBB2C6A430000C52627 /* Base */ = {isa = PBXFileReference; lastKnownFileType = file.storyboard; name = Base; path = Base.lproj/LaunchScreen.storyboard; sourceTree = "<group>"; };
		DF1FFCBD2C6A430000C52627 /* Info.plist */ = {isa = PBXFileReference; lastKnownFileType = text.plist.xml; path = Info.plist; sourceTree = "<group>"; };
		DF1FFCFD2C6A457B00C52627 /* .gitignore */ = {isa = PBXFileReference; lastKnownFileType = text; path = .gitignore; sourceTree = "<group>"; };
		DF1FFD002C6A471400C52627 /* readme.md */ = {isa = PBXFileReference; lastKnownFileType = net.daringfireball.markdown; path = readme.md; sourceTree = "<group>"; };
		DF6943512C705C600013DD68 /* AppDelegate.swift */ = {isa = PBXFileReference; fileEncoding = 4; lastKnownFileType = sourcecode.swift; path = AppDelegate.swift; sourceTree = "<group>"; };
		DF6943522C705C600013DD68 /* Assets.xcassets */ = {isa = PBXFileReference; lastKnownFileType = folder.assetcatalog; path = Assets.xcassets; sourceTree = "<group>"; };
		DF6943532C705C600013DD68 /* Config.xcconfig */ = {isa = PBXFileReference; fileEncoding = 4; lastKnownFileType = text.xcconfig; path = Config.xcconfig; sourceTree = "<group>"; };
		DF6943542C705C600013DD68 /* Info.plist */ = {isa = PBXFileReference; fileEncoding = 4; lastKnownFileType = text.plist.xml; path = Info.plist; sourceTree = "<group>"; };
		DF6943552C705C600013DD68 /* KakaoAuthVM.swift */ = {isa = PBXFileReference; fileEncoding = 4; lastKnownFileType = sourcecode.swift; path = KakaoAuthVM.swift; sourceTree = "<group>"; };
		DF6943562C705C600013DD68 /* Base */ = {isa = PBXFileReference; lastKnownFileType = file.storyboard; name = Base; path = Base.lproj/LaunchScreen.storyboard; sourceTree = "<group>"; };
		DF6943582C705C600013DD68 /* Base */ = {isa = PBXFileReference; lastKnownFileType = file.storyboard; name = Base; path = Base.lproj/Main.storyboard; sourceTree = "<group>"; };
		DF69435A2C705C600013DD68 /* SceneDelegate.swift */ = {isa = PBXFileReference; fileEncoding = 4; lastKnownFileType = sourcecode.swift; path = SceneDelegate.swift; sourceTree = "<group>"; };
		DF69435B2C705C600013DD68 /* ViewController.swift */ = {isa = PBXFileReference; fileEncoding = 4; lastKnownFileType = sourcecode.swift; path = ViewController.swift; sourceTree = "<group>"; };
		DF69435D2C705C600013DD68 /* readme.md */ = {isa = PBXFileReference; fileEncoding = 4; lastKnownFileType = net.daringfireball.markdown; path = readme.md; sourceTree = "<group>"; };
		DF69435E2C705C600013DD68 /* SocialLogin.xcodeproj */ = {isa = PBXFileReference; lastKnownFileType = "wrapper.pb-project"; path = SocialLogin.xcodeproj; sourceTree = "<group>"; };
		DF69436F2C705CA50013DD68 /* KakaoAuthVM.swift */ = {isa = PBXFileReference; fileEncoding = 4; lastKnownFileType = sourcecode.swift; path = KakaoAuthVM.swift; sourceTree = "<group>"; };
		DF6943702C705CA50013DD68 /* LoginView.swift */ = {isa = PBXFileReference; fileEncoding = 4; lastKnownFileType = sourcecode.swift; path = LoginView.swift; sourceTree = "<group>"; };
		DF6943712C705CA50013DD68 /* MyAppDelegate.swift */ = {isa = PBXFileReference; fileEncoding = 4; lastKnownFileType = sourcecode.swift; path = MyAppDelegate.swift; sourceTree = "<group>"; };
		DF6943722C705CA50013DD68 /* MySceneDelegate.swift */ = {isa = PBXFileReference; fileEncoding = 4; lastKnownFileType = sourcecode.swift; path = MySceneDelegate.swift; sourceTree = "<group>"; };
		DF6943742C705CA50013DD68 /* Preview Assets.xcassets */ = {isa = PBXFileReference; lastKnownFileType = folder.assetcatalog; path = "Preview Assets.xcassets"; sourceTree = "<group>"; };
		DF6943762C705CA50013DD68 /* Assets.xcassets */ = {isa = PBXFileReference; lastKnownFileType = folder.assetcatalog; path = Assets.xcassets; sourceTree = "<group>"; };
		DF6943772C705CA50013DD68 /* Config.xcconfig */ = {isa = PBXFileReference; fileEncoding = 4; lastKnownFileType = text.xcconfig; path = Config.xcconfig; sourceTree = "<group>"; };
		DF6943782C705CA50013DD68 /* ContentView.swift */ = {isa = PBXFileReference; fileEncoding = 4; lastKnownFileType = sourcecode.swift; path = ContentView.swift; sourceTree = "<group>"; };
		DF6943792C705CA50013DD68 /* Social_Login_SwiftUIApp.swift */ = {isa = PBXFileReference; fileEncoding = 4; lastKnownFileType = sourcecode.swift; path = Social_Login_SwiftUIApp.swift; sourceTree = "<group>"; };
		DF69437B2C705CA50013DD68 /* Social_Login_SwiftUI.xcodeproj */ = {isa = PBXFileReference; lastKnownFileType = "wrapper.pb-project"; path = Social_Login_SwiftUI.xcodeproj; sourceTree = "<group>"; };
		DF69437C2C705CA50013DD68 /* Social-Login-SwiftUI-Info.plist */ = {isa = PBXFileReference; fileEncoding = 4; lastKnownFileType = text.plist.xml; path = "Social-Login-SwiftUI-Info.plist"; sourceTree = "<group>"; };
/* End PBXFileReference section */

/* Begin PBXFrameworksBuildPhase section */
		DF1FFCA92C6A42FF00C52627 /* Frameworks */ = {
			isa = PBXFrameworksBuildPhase;
			buildActionMask = 2147483647;
			files = (
			);
			runOnlyForDeploymentPostprocessing = 0;
		};
/* End PBXFrameworksBuildPhase section */

/* Begin PBXGroup section */
		DF1FFCA32C6A42FF00C52627 = {
			isa = PBXGroup;
			children = (
				DFD747692C6A5F6400D9B8EE /* SocialLogin */,
				DF1FFD002C6A471400C52627 /* readme.md */,
				DF1FFCFD2C6A457B00C52627 /* .gitignore */,
				DF1FFCAE2C6A42FF00C52627 /* iOSDevLibrary */,
				DF1FFCAD2C6A42FF00C52627 /* Products */,
			);
			sourceTree = "<group>";
		};
		DF1FFCAD2C6A42FF00C52627 /* Products */ = {
			isa = PBXGroup;
			children = (
				DF1FFCAC2C6A42FF00C52627 /* iOSDevLibrary.app */,
			);
			name = Products;
			sourceTree = "<group>";
		};
		DF1FFCAE2C6A42FF00C52627 /* iOSDevLibrary */ = {
			isa = PBXGroup;
			children = (
				DF1FFCAF2C6A42FF00C52627 /* AppDelegate.swift */,
				DF1FFCB12C6A42FF00C52627 /* SceneDelegate.swift */,
				DF1FFCB32C6A42FF00C52627 /* ViewController.swift */,
				DF1FFCB52C6A42FF00C52627 /* Main.storyboard */,
				DF1FFCB82C6A430000C52627 /* Assets.xcassets */,
				DF1FFCBA2C6A430000C52627 /* LaunchScreen.storyboard */,
				DF1FFCBD2C6A430000C52627 /* Info.plist */,
			);
			path = iOSDevLibrary;
			sourceTree = "<group>";
		};
		DF69435C2C705C600013DD68 /* SocialLogin */ = {
			isa = PBXGroup;
			children = (
				DF6943512C705C600013DD68 /* AppDelegate.swift */,
				DF6943522C705C600013DD68 /* Assets.xcassets */,
				DF6943532C705C600013DD68 /* Config.xcconfig */,
				DF6943542C705C600013DD68 /* Info.plist */,
				DF6943552C705C600013DD68 /* KakaoAuthVM.swift */,
				DF6943572C705C600013DD68 /* LaunchScreen.storyboard */,
				DF6943592C705C600013DD68 /* Main.storyboard */,
				DF69435A2C705C600013DD68 /* SceneDelegate.swift */,
				DF69435B2C705C600013DD68 /* ViewController.swift */,
			);
			path = SocialLogin;
			sourceTree = "<group>";
		};
		DF69435F2C705C600013DD68 /* SocialLogin_UIKit */ = {
			isa = PBXGroup;
			children = (
				DF69435C2C705C600013DD68 /* SocialLogin */,
				DF69435D2C705C600013DD68 /* readme.md */,
				DF69435E2C705C600013DD68 /* SocialLogin.xcodeproj */,
			);
			path = SocialLogin_UIKit;
			sourceTree = SOURCE_ROOT;
		};
		DF6943602C705C600013DD68 /* Products */ = {
			isa = PBXGroup;
			children = (
				DF6943642C705C610013DD68 /* SocialLogin.app */,
			);
			name = Products;
			sourceTree = "<group>";
		};
		DF6943732C705CA50013DD68 /* Login */ = {
			isa = PBXGroup;
			children = (
				DF69436F2C705CA50013DD68 /* KakaoAuthVM.swift */,
				DF6943702C705CA50013DD68 /* LoginView.swift */,
				DF6943712C705CA50013DD68 /* MyAppDelegate.swift */,
				DF6943722C705CA50013DD68 /* MySceneDelegate.swift */,
			);
			path = Login;
			sourceTree = "<group>";
		};
		DF6943752C705CA50013DD68 /* Preview Content */ = {
			isa = PBXGroup;
			children = (
				DF6943742C705CA50013DD68 /* Preview Assets.xcassets */,
			);
			path = "Preview Content";
			sourceTree = "<group>";
		};
		DF69437A2C705CA50013DD68 /* Social_Login_SwiftUI */ = {
			isa = PBXGroup;
			children = (
				DF6943732C705CA50013DD68 /* Login */,
				DF6943752C705CA50013DD68 /* Preview Content */,
				DF6943762C705CA50013DD68 /* Assets.xcassets */,
				DF6943772C705CA50013DD68 /* Config.xcconfig */,
				DF6943782C705CA50013DD68 /* ContentView.swift */,
				DF6943792C705CA50013DD68 /* Social_Login_SwiftUIApp.swift */,
			);
			path = Social_Login_SwiftUI;
			sourceTree = "<group>";
		};
		DF69437D2C705CA50013DD68 /* Social_Login_SwiftUI */ = {
			isa = PBXGroup;
			children = (
				DF69437A2C705CA50013DD68 /* Social_Login_SwiftUI */,
				DF69437B2C705CA50013DD68 /* Social_Login_SwiftUI.xcodeproj */,
				DF69437C2C705CA50013DD68 /* Social-Login-SwiftUI-Info.plist */,
			);
			path = Social_Login_SwiftUI;
			sourceTree = SOURCE_ROOT;
		};
		DF69437E2C705CA50013DD68 /* Products */ = {
			isa = PBXGroup;
			children = (
				DF6943822C705CA50013DD68 /* Social_Login_SwiftUI.app */,
			);
			name = Products;
			sourceTree = "<group>";
		};
		DFD747692C6A5F6400D9B8EE /* SocialLogin */ = {
			isa = PBXGroup;
			children = (
				DF69437D2C705CA50013DD68 /* Social_Login_SwiftUI */,
				DF69435F2C705C600013DD68 /* SocialLogin_UIKit */,
			);
			path = SocialLogin;
			sourceTree = "<group>";
		};
/* End PBXGroup section */

/* Begin PBXNativeTarget section */
		DF1FFCAB2C6A42FF00C52627 /* iOSDevLibrary */ = {
			isa = PBXNativeTarget;
			buildConfigurationList = DF1FFCC02C6A430000C52627 /* Build configuration list for PBXNativeTarget "iOSDevLibrary" */;
			buildPhases = (
				DF1FFCA82C6A42FF00C52627 /* Sources */,
				DF1FFCA92C6A42FF00C52627 /* Frameworks */,
				DF1FFCAA2C6A42FF00C52627 /* Resources */,
			);
			buildRules = (
			);
			dependencies = (
			);
			name = iOSDevLibrary;
			productName = iOSDevLibrary;
			productReference = DF1FFCAC2C6A42FF00C52627 /* iOSDevLibrary.app */;
			productType = "com.apple.product-type.application";
		};
/* End PBXNativeTarget section */

/* Begin PBXProject section */
		DF1FFCA42C6A42FF00C52627 /* Project object */ = {
			isa = PBXProject;
			attributes = {
				BuildIndependentTargetsInParallel = 1;
				LastSwiftUpdateCheck = 1540;
				LastUpgradeCheck = 1540;
				TargetAttributes = {
					DF1FFCAB2C6A42FF00C52627 = {
						CreatedOnToolsVersion = 15.4;
					};
				};
			};
			buildConfigurationList = DF1FFCA72C6A42FF00C52627 /* Build configuration list for PBXProject "iOSDevLibrary" */;
			compatibilityVersion = "Xcode 14.0";
			developmentRegion = en;
			hasScannedForEncodings = 0;
			knownRegions = (
				en,
				Base,
			);
			mainGroup = DF1FFCA32C6A42FF00C52627;
			productRefGroup = DF1FFCAD2C6A42FF00C52627 /* Products */;
			projectDirPath = "";
			projectReferences = (
				{
					ProductGroup = DF69437E2C705CA50013DD68 /* Products */;
					ProjectRef = DF69437B2C705CA50013DD68 /* Social_Login_SwiftUI.xcodeproj */;
				},
				{
					ProductGroup = DF6943602C705C600013DD68 /* Products */;
					ProjectRef = DF69435E2C705C600013DD68 /* SocialLogin.xcodeproj */;
				},
			);
			projectRoot = "";
			targets = (
				DF1FFCAB2C6A42FF00C52627 /* iOSDevLibrary */,
			);
		};
/* End PBXProject section */

/* Begin PBXReferenceProxy section */
		DF6943642C705C610013DD68 /* SocialLogin.app */ = {
			isa = PBXReferenceProxy;
			fileType = wrapper.application;
			path = SocialLogin.app;
			remoteRef = DF6943632C705C610013DD68 /* PBXContainerItemProxy */;
			sourceTree = BUILT_PRODUCTS_DIR;
		};
		DF6943822C705CA50013DD68 /* Social_Login_SwiftUI.app */ = {
			isa = PBXReferenceProxy;
			fileType = wrapper.application;
			path = Social_Login_SwiftUI.app;
			remoteRef = DF6943812C705CA50013DD68 /* PBXContainerItemProxy */;
			sourceTree = BUILT_PRODUCTS_DIR;
		};
/* End PBXReferenceProxy section */

/* Begin PBXResourcesBuildPhase section */
		DF1FFCAA2C6A42FF00C52627 /* Resources */ = {
			isa = PBXResourcesBuildPhase;
			buildActionMask = 2147483647;
			files = (
				DF6943662C705C610013DD68 /* Assets.xcassets in Resources */,
				DF6943672C705C610013DD68 /* Config.xcconfig in Resources */,
				DF1FFCFE2C6A457B00C52627 /* .gitignore in Resources */,
				DF69436E2C705C610013DD68 /* readme.md in Resources */,
				DF69438C2C705CA50013DD68 /* Social-Login-SwiftUI-Info.plist in Resources */,
				DF6943872C705CA50013DD68 /* Preview Assets.xcassets in Resources */,
				DF69436B2C705C610013DD68 /* Main.storyboard in Resources */,
				DF6943882C705CA50013DD68 /* Assets.xcassets in Resources */,
				DF1FFCB92C6A430000C52627 /* Assets.xcassets in Resources */,
				DF1FFCBC2C6A430000C52627 /* Base in Resources */,
				DF1FFD012C6A471400C52627 /* readme.md in Resources */,
				DF69436A2C705C610013DD68 /* LaunchScreen.storyboard in Resources */,
				DF1FFCB72C6A42FF00C52627 /* Base in Resources */,
				DF6943892C705CA50013DD68 /* Config.xcconfig in Resources */,
				DF6943682C705C610013DD68 /* Info.plist in Resources */,
			);
			runOnlyForDeploymentPostprocessing = 0;
		};
/* End PBXResourcesBuildPhase section */

/* Begin PBXSourcesBuildPhase section */
		DF1FFCA82C6A42FF00C52627 /* Sources */ = {
			isa = PBXSourcesBuildPhase;
			buildActionMask = 2147483647;
			files = (
				DF6943832C705CA50013DD68 /* KakaoAuthVM.swift in Sources */,
				DF6943652C705C610013DD68 /* AppDelegate.swift in Sources */,
				DF69438A2C705CA50013DD68 /* ContentView.swift in Sources */,
				DF6943852C705CA50013DD68 /* MyAppDelegate.swift in Sources */,
				DF6943692C705C610013DD68 /* KakaoAuthVM.swift in Sources */,
				DF6943842C705CA50013DD68 /* LoginView.swift in Sources */,
				DF69436D2C705C610013DD68 /* ViewController.swift in Sources */,
				DF1FFCB42C6A42FF00C52627 /* ViewController.swift in Sources */,
				DF69436C2C705C610013DD68 /* SceneDelegate.swift in Sources */,
				DF6943862C705CA50013DD68 /* MySceneDelegate.swift in Sources */,
				DF69438B2C705CA50013DD68 /* Social_Login_SwiftUIApp.swift in Sources */,
				DF1FFCB02C6A42FF00C52627 /* AppDelegate.swift in Sources */,
				DF1FFCB22C6A42FF00C52627 /* SceneDelegate.swift in Sources */,
			);
			runOnlyForDeploymentPostprocessing = 0;
		};
/* End PBXSourcesBuildPhase section */

/* Begin PBXVariantGroup section */
		DF1FFCB52C6A42FF00C52627 /* Main.storyboard */ = {
			isa = PBXVariantGroup;
			children = (
				DF1FFCB62C6A42FF00C52627 /* Base */,
			);
			name = Main.storyboard;
			sourceTree = "<group>";
		};
		DF1FFCBA2C6A430000C52627 /* LaunchScreen.storyboard */ = {
			isa = PBXVariantGroup;
			children = (
				DF1FFCBB2C6A430000C52627 /* Base */,
			);
			name = LaunchScreen.storyboard;
			sourceTree = "<group>";
		};
		DF6943572C705C600013DD68 /* LaunchScreen.storyboard */ = {
			isa = PBXVariantGroup;
			children = (
				DF6943562C705C600013DD68 /* Base */,
			);
			name = LaunchScreen.storyboard;
			sourceTree = "<group>";
		};
		DF6943592C705C600013DD68 /* Main.storyboard */ = {
			isa = PBXVariantGroup;
			children = (
				DF6943582C705C600013DD68 /* Base */,
			);
			name = Main.storyboard;
			sourceTree = "<group>";
		};
/* End PBXVariantGroup section */

/* Begin XCBuildConfiguration section */
		DF1FFCBE2C6A430000C52627 /* Debug */ = {
			isa = XCBuildConfiguration;
			buildSettings = {
				ALWAYS_SEARCH_USER_PATHS = NO;
				ASSETCATALOG_COMPILER_GENERATE_SWIFT_ASSET_SYMBOL_EXTENSIONS = YES;
				CLANG_ANALYZER_NONNULL = YES;
				CLANG_ANALYZER_NUMBER_OBJECT_CONVERSION = YES_AGGRESSIVE;
				CLANG_CXX_LANGUAGE_STANDARD = "gnu++20";
				CLANG_ENABLE_MODULES = YES;
				CLANG_ENABLE_OBJC_ARC = YES;
				CLANG_ENABLE_OBJC_WEAK = YES;
				CLANG_WARN_BLOCK_CAPTURE_AUTORELEASING = YES;
				CLANG_WARN_BOOL_CONVERSION = YES;
				CLANG_WARN_COMMA = YES;
				CLANG_WARN_CONSTANT_CONVERSION = YES;
				CLANG_WARN_DEPRECATED_OBJC_IMPLEMENTATIONS = YES;
				CLANG_WARN_DIRECT_OBJC_ISA_USAGE = YES_ERROR;
				CLANG_WARN_DOCUMENTATION_COMMENTS = YES;
				CLANG_WARN_EMPTY_BODY = YES;
				CLANG_WARN_ENUM_CONVERSION = YES;
				CLANG_WARN_INFINITE_RECURSION = YES;
				CLANG_WARN_INT_CONVERSION = YES;
				CLANG_WARN_NON_LITERAL_NULL_CONVERSION = YES;
				CLANG_WARN_OBJC_IMPLICIT_RETAIN_SELF = YES;
				CLANG_WARN_OBJC_LITERAL_CONVERSION = YES;
				CLANG_WARN_OBJC_ROOT_CLASS = YES_ERROR;
				CLANG_WARN_QUOTED_INCLUDE_IN_FRAMEWORK_HEADER = YES;
				CLANG_WARN_RANGE_LOOP_ANALYSIS = YES;
				CLANG_WARN_STRICT_PROTOTYPES = YES;
				CLANG_WARN_SUSPICIOUS_MOVE = YES;
				CLANG_WARN_UNGUARDED_AVAILABILITY = YES_AGGRESSIVE;
				CLANG_WARN_UNREACHABLE_CODE = YES;
				CLANG_WARN__DUPLICATE_METHOD_MATCH = YES;
				COPY_PHASE_STRIP = NO;
				DEBUG_INFORMATION_FORMAT = dwarf;
				ENABLE_STRICT_OBJC_MSGSEND = YES;
				ENABLE_TESTABILITY = YES;
				ENABLE_USER_SCRIPT_SANDBOXING = YES;
				GCC_C_LANGUAGE_STANDARD = gnu17;
				GCC_DYNAMIC_NO_PIC = NO;
				GCC_NO_COMMON_BLOCKS = YES;
				GCC_OPTIMIZATION_LEVEL = 0;
				GCC_PREPROCESSOR_DEFINITIONS = (
					"DEBUG=1",
					"$(inherited)",
				);
				GCC_WARN_64_TO_32_BIT_CONVERSION = YES;
				GCC_WARN_ABOUT_RETURN_TYPE = YES_ERROR;
				GCC_WARN_UNDECLARED_SELECTOR = YES;
				GCC_WARN_UNINITIALIZED_AUTOS = YES_AGGRESSIVE;
				GCC_WARN_UNUSED_FUNCTION = YES;
				GCC_WARN_UNUSED_VARIABLE = YES;
				IPHONEOS_DEPLOYMENT_TARGET = 17.5;
				LOCALIZATION_PREFERS_STRING_CATALOGS = YES;
				MTL_ENABLE_DEBUG_INFO = INCLUDE_SOURCE;
				MTL_FAST_MATH = YES;
				ONLY_ACTIVE_ARCH = YES;
				SDKROOT = iphoneos;
				SWIFT_ACTIVE_COMPILATION_CONDITIONS = "DEBUG $(inherited)";
				SWIFT_OPTIMIZATION_LEVEL = "-Onone";
			};
			name = Debug;
		};
		DF1FFCBF2C6A430000C52627 /* Release */ = {
			isa = XCBuildConfiguration;
			buildSettings = {
				ALWAYS_SEARCH_USER_PATHS = NO;
				ASSETCATALOG_COMPILER_GENERATE_SWIFT_ASSET_SYMBOL_EXTENSIONS = YES;
				CLANG_ANALYZER_NONNULL = YES;
				CLANG_ANALYZER_NUMBER_OBJECT_CONVERSION = YES_AGGRESSIVE;
				CLANG_CXX_LANGUAGE_STANDARD = "gnu++20";
				CLANG_ENABLE_MODULES = YES;
				CLANG_ENABLE_OBJC_ARC = YES;
				CLANG_ENABLE_OBJC_WEAK = YES;
				CLANG_WARN_BLOCK_CAPTURE_AUTORELEASING = YES;
				CLANG_WARN_BOOL_CONVERSION = YES;
				CLANG_WARN_COMMA = YES;
				CLANG_WARN_CONSTANT_CONVERSION = YES;
				CLANG_WARN_DEPRECATED_OBJC_IMPLEMENTATIONS = YES;
				CLANG_WARN_DIRECT_OBJC_ISA_USAGE = YES_ERROR;
				CLANG_WARN_DOCUMENTATION_COMMENTS = YES;
				CLANG_WARN_EMPTY_BODY = YES;
				CLANG_WARN_ENUM_CONVERSION = YES;
				CLANG_WARN_INFINITE_RECURSION = YES;
				CLANG_WARN_INT_CONVERSION = YES;
				CLANG_WARN_NON_LITERAL_NULL_CONVERSION = YES;
				CLANG_WARN_OBJC_IMPLICIT_RETAIN_SELF = YES;
				CLANG_WARN_OBJC_LITERAL_CONVERSION = YES;
				CLANG_WARN_OBJC_ROOT_CLASS = YES_ERROR;
				CLANG_WARN_QUOTED_INCLUDE_IN_FRAMEWORK_HEADER = YES;
				CLANG_WARN_RANGE_LOOP_ANALYSIS = YES;
				CLANG_WARN_STRICT_PROTOTYPES = YES;
				CLANG_WARN_SUSPICIOUS_MOVE = YES;
				CLANG_WARN_UNGUARDED_AVAILABILITY = YES_AGGRESSIVE;
				CLANG_WARN_UNREACHABLE_CODE = YES;
				CLANG_WARN__DUPLICATE_METHOD_MATCH = YES;
				COPY_PHASE_STRIP = NO;
				DEBUG_INFORMATION_FORMAT = "dwarf-with-dsym";
				ENABLE_NS_ASSERTIONS = NO;
				ENABLE_STRICT_OBJC_MSGSEND = YES;
				ENABLE_USER_SCRIPT_SANDBOXING = YES;
				GCC_C_LANGUAGE_STANDARD = gnu17;
				GCC_NO_COMMON_BLOCKS = YES;
				GCC_WARN_64_TO_32_BIT_CONVERSION = YES;
				GCC_WARN_ABOUT_RETURN_TYPE = YES_ERROR;
				GCC_WARN_UNDECLARED_SELECTOR = YES;
				GCC_WARN_UNINITIALIZED_AUTOS = YES_AGGRESSIVE;
				GCC_WARN_UNUSED_FUNCTION = YES;
				GCC_WARN_UNUSED_VARIABLE = YES;
				IPHONEOS_DEPLOYMENT_TARGET = 17.5;
				LOCALIZATION_PREFERS_STRING_CATALOGS = YES;
				MTL_ENABLE_DEBUG_INFO = NO;
				MTL_FAST_MATH = YES;
				SDKROOT = iphoneos;
				SWIFT_COMPILATION_MODE = wholemodule;
				VALIDATE_PRODUCT = YES;
			};
			name = Release;
		};
		DF1FFCC12C6A430000C52627 /* Debug */ = {
			isa = XCBuildConfiguration;
			buildSettings = {
				ASSETCATALOG_COMPILER_APPICON_NAME = AppIcon;
				ASSETCATALOG_COMPILER_GLOBAL_ACCENT_COLOR_NAME = AccentColor;
				CODE_SIGN_STYLE = Automatic;
				CURRENT_PROJECT_VERSION = 1;
				DEVELOPMENT_TEAM = LGX4B4WC66;
				GENERATE_INFOPLIST_FILE = YES;
				INFOPLIST_FILE = iOSDevLibrary/Info.plist;
				INFOPLIST_KEY_UIApplicationSupportsIndirectInputEvents = YES;
				INFOPLIST_KEY_UILaunchStoryboardName = LaunchScreen;
				INFOPLIST_KEY_UIMainStoryboardFile = Main;
				INFOPLIST_KEY_UISupportedInterfaceOrientations_iPad = "UIInterfaceOrientationPortrait UIInterfaceOrientationPortraitUpsideDown UIInterfaceOrientationLandscapeLeft UIInterfaceOrientationLandscapeRight";
				INFOPLIST_KEY_UISupportedInterfaceOrientations_iPhone = "UIInterfaceOrientationPortrait UIInterfaceOrientationLandscapeLeft UIInterfaceOrientationLandscapeRight";
				LD_RUNPATH_SEARCH_PATHS = (
					"$(inherited)",
					"@executable_path/Frameworks",
				);
				MARKETING_VERSION = 1.0;
				PRODUCT_BUNDLE_IDENTIFIER = com.indextrown.iOSDevLibrary;
				PRODUCT_NAME = "$(TARGET_NAME)";
				SWIFT_EMIT_LOC_STRINGS = YES;
				SWIFT_VERSION = 5.0;
				TARGETED_DEVICE_FAMILY = "1,2";
			};
			name = Debug;
		};
		DF1FFCC22C6A430000C52627 /* Release */ = {
			isa = XCBuildConfiguration;
			buildSettings = {
				ASSETCATALOG_COMPILER_APPICON_NAME = AppIcon;
				ASSETCATALOG_COMPILER_GLOBAL_ACCENT_COLOR_NAME = AccentColor;
				CODE_SIGN_STYLE = Automatic;
				CURRENT_PROJECT_VERSION = 1;
				DEVELOPMENT_TEAM = LGX4B4WC66;
				GENERATE_INFOPLIST_FILE = YES;
				INFOPLIST_FILE = iOSDevLibrary/Info.plist;
				INFOPLIST_KEY_UIApplicationSupportsIndirectInputEvents = YES;
				INFOPLIST_KEY_UILaunchStoryboardName = LaunchScreen;
				INFOPLIST_KEY_UIMainStoryboardFile = Main;
				INFOPLIST_KEY_UISupportedInterfaceOrientations_iPad = "UIInterfaceOrientationPortrait UIInterfaceOrientationPortraitUpsideDown UIInterfaceOrientationLandscapeLeft UIInterfaceOrientationLandscapeRight";
				INFOPLIST_KEY_UISupportedInterfaceOrientations_iPhone = "UIInterfaceOrientationPortrait UIInterfaceOrientationLandscapeLeft UIInterfaceOrientationLandscapeRight";
				LD_RUNPATH_SEARCH_PATHS = (
					"$(inherited)",
					"@executable_path/Frameworks",
				);
				MARKETING_VERSION = 1.0;
				PRODUCT_BUNDLE_IDENTIFIER = com.indextrown.iOSDevLibrary;
				PRODUCT_NAME = "$(TARGET_NAME)";
				SWIFT_EMIT_LOC_STRINGS = YES;
				SWIFT_VERSION = 5.0;
				TARGETED_DEVICE_FAMILY = "1,2";
			};
			name = Release;
		};
/* End XCBuildConfiguration section */

/* Begin XCConfigurationList section */
		DF1FFCA72C6A42FF00C52627 /* Build configuration list for PBXProject "iOSDevLibrary" */ = {
			isa = XCConfigurationList;
			buildConfigurations = (
				DF1FFCBE2C6A430000C52627 /* Debug */,
				DF1FFCBF2C6A430000C52627 /* Release */,
			);
			defaultConfigurationIsVisible = 0;
			defaultConfigurationName = Release;
		};
		DF1FFCC02C6A430000C52627 /* Build configuration list for PBXNativeTarget "iOSDevLibrary" */ = {
			isa = XCConfigurationList;
			buildConfigurations = (
				DF1FFCC12C6A430000C52627 /* Debug */,
				DF1FFCC22C6A430000C52627 /* Release */,
			);
			defaultConfigurationIsVisible = 0;
			defaultConfigurationName = Release;
		};
/* End XCConfigurationList section */
	};
	rootObject = DF1FFCA42C6A42FF00C52627 /* Project object */;
}
