// !$*UTF8*$!
{
	archiveVersion = 1;
	classes = {
	};
	objectVersion = 56;
	objects = {

/* Begin PBXBuildFile section */
		DF1FFCB02C6A42FF00C52627 /* AppDelegate.swift in Sources */ = {isa = PBXBuildFile; fileRef = DF1FFCAF2C6A42FF00C52627 /* AppDelegate.swift */; };
		DF1FFCB22C6A42FF00C52627 /* SceneDelegate.swift in Sources */ = {isa = PBXBuildFile; fileRef = DF1FFCB12C6A42FF00C52627 /* SceneDelegate.swift */; };
		DF1FFCB42C6A42FF00C52627 /* ViewController.swift in Sources */ = {isa = PBXBuildFile; fileRef = DF1FFCB32C6A42FF00C52627 /* ViewController.swift */; };
		DF1FFCB72C6A42FF00C52627 /* Base in Resources */ = {isa = PBXBuildFile; fileRef = DF1FFCB62C6A42FF00C52627 /* Base */; };
		DF1FFCB92C6A430000C52627 /* Assets.xcassets in Resources */ = {isa = PBXBuildFile; fileRef = DF1FFCB82C6A430000C52627 /* Assets.xcassets */; };
		DF1FFCBC2C6A430000C52627 /* Base in Resources */ = {isa = PBXBuildFile; fileRef = DF1FFCBB2C6A430000C52627 /* Base */; };
		DF1FFCFE2C6A457B00C52627 /* .gitignore in Resources */ = {isa = PBXBuildFile; fileRef = DF1FFCFD2C6A457B00C52627 /* .gitignore */; };
		DF1FFD012C6A471400C52627 /* readme.md in Resources */ = {isa = PBXBuildFile; fileRef = DF1FFD002C6A471400C52627 /* readme.md */; };
		DF2D9AEE2C8079B300C29415 /* FifthViewController.swift in Sources */ = {isa = PBXBuildFile; fileRef = DF2D9A7A2C8079B200C29415 /* FifthViewController.swift */; };
		DF2D9AEF2C8079B300C29415 /* FirstViewController.swift in Sources */ = {isa = PBXBuildFile; fileRef = DF2D9A7B2C8079B200C29415 /* FirstViewController.swift */; };
		DF2D9AF02C8079B300C29415 /* FourthViewController.swift in Sources */ = {isa = PBXBuildFile; fileRef = DF2D9A7C2C8079B200C29415 /* FourthViewController.swift */; };
		DF2D9AF12C8079B300C29415 /* SecondViewController.swift in Sources */ = {isa = PBXBuildFile; fileRef = DF2D9A7D2C8079B200C29415 /* SecondViewController.swift */; };
		DF2D9AF22C8079B300C29415 /* ThirdViewController.swift in Sources */ = {isa = PBXBuildFile; fileRef = DF2D9A7E2C8079B200C29415 /* ThirdViewController.swift */; };
		DF2D9AF32C8079B300C29415 /* AppDelegate.swift in Sources */ = {isa = PBXBuildFile; fileRef = DF2D9A802C8079B200C29415 /* AppDelegate.swift */; };
		DF2D9AF42C8079B300C29415 /* SceneDelegate.swift in Sources */ = {isa = PBXBuildFile; fileRef = DF2D9A812C8079B200C29415 /* SceneDelegate.swift */; };
		DF2D9AF52C8079B300C29415 /* FirebaseFirestoreSwift.swift in Sources */ = {isa = PBXBuildFile; fileRef = DF2D9A832C8079B200C29415 /* FirebaseFirestoreSwift.swift */; };
		DF2D9AF62C8079B300C29415 /* MyFirestore.swift in Sources */ = {isa = PBXBuildFile; fileRef = DF2D9A842C8079B200C29415 /* MyFirestore.swift */; };
		DF2D9AF72C8079B300C29415 /* BanChango.png in Resources */ = {isa = PBXBuildFile; fileRef = DF2D9A862C8079B200C29415 /* BanChango.png */; };
		DF2D9AF82C8079B300C29415 /* kakao_login_large_wide.png in Resources */ = {isa = PBXBuildFile; fileRef = DF2D9A872C8079B200C29415 /* kakao_login_large_wide.png */; };
		DF2D9AF92C8079B300C29415 /* Assets.xcassets in Resources */ = {isa = PBXBuildFile; fileRef = DF2D9A892C8079B200C29415 /* Assets.xcassets */; };
		DF2D9AFA2C8079B300C29415 /* Config.xcconfig in Resources */ = {isa = PBXBuildFile; fileRef = DF2D9A8A2C8079B200C29415 /* Config.xcconfig */; };
		DF2D9AFB2C8079B300C29415 /* GoogleService-Info.plist in Resources */ = {isa = PBXBuildFile; fileRef = DF2D9A8B2C8079B200C29415 /* GoogleService-Info.plist */; };
		DF2D9AFC2C8079B300C29415 /* Info.plist in Resources */ = {isa = PBXBuildFile; fileRef = DF2D9A8C2C8079B200C29415 /* Info.plist */; };
		DF2D9AFD2C8079B300C29415 /* KakaoAuthVM.swift in Sources */ = {isa = PBXBuildFile; fileRef = DF2D9A8D2C8079B200C29415 /* KakaoAuthVM.swift */; };
		DF2D9AFE2C8079B300C29415 /* LaunchScreen.storyboard in Resources */ = {isa = PBXBuildFile; fileRef = DF2D9A8F2C8079B200C29415 /* LaunchScreen.storyboard */; };
		DF2D9AFF2C8079B300C29415 /* LoginViewController.swift in Sources */ = {isa = PBXBuildFile; fileRef = DF2D9A902C8079B200C29415 /* LoginViewController.swift */; };
		DF2D9B002C8079B300C29415 /* Main.storyboard in Resources */ = {isa = PBXBuildFile; fileRef = DF2D9A922C8079B200C29415 /* Main.storyboard */; };
		DF2D9B012C8079B300C29415 /* KakaoAuthVM.swift in Sources */ = {isa = PBXBuildFile; fileRef = DF2D9A9C2C8079B200C29415 /* KakaoAuthVM.swift */; };
		DF2D9B022C8079B300C29415 /* LoginView.swift in Sources */ = {isa = PBXBuildFile; fileRef = DF2D9A9D2C8079B200C29415 /* LoginView.swift */; };
		DF2D9B032C8079B300C29415 /* MyAppDelegate.swift in Sources */ = {isa = PBXBuildFile; fileRef = DF2D9A9E2C8079B200C29415 /* MyAppDelegate.swift */; };
		DF2D9B042C8079B300C29415 /* MySceneDelegate.swift in Sources */ = {isa = PBXBuildFile; fileRef = DF2D9A9F2C8079B200C29415 /* MySceneDelegate.swift */; };
		DF2D9B052C8079B300C29415 /* Preview Assets.xcassets in Resources */ = {isa = PBXBuildFile; fileRef = DF2D9AA12C8079B200C29415 /* Preview Assets.xcassets */; };
		DF2D9B062C8079B300C29415 /* Assets.xcassets in Resources */ = {isa = PBXBuildFile; fileRef = DF2D9AA32C8079B200C29415 /* Assets.xcassets */; };
		DF2D9B072C8079B300C29415 /* Config.xcconfig in Resources */ = {isa = PBXBuildFile; fileRef = DF2D9AA42C8079B200C29415 /* Config.xcconfig */; };
		DF2D9B082C8079B300C29415 /* ContentView.swift in Sources */ = {isa = PBXBuildFile; fileRef = DF2D9AA52C8079B200C29415 /* ContentView.swift */; };
		DF2D9B092C8079B300C29415 /* Social_Login_SwiftUIApp.swift in Sources */ = {isa = PBXBuildFile; fileRef = DF2D9AA62C8079B200C29415 /* Social_Login_SwiftUIApp.swift */; };
		DF2D9B0A2C8079B300C29415 /* Social-Login-SwiftUI-Info.plist in Resources */ = {isa = PBXBuildFile; fileRef = DF2D9AA92C8079B200C29415 /* Social-Login-SwiftUI-Info.plist */; };
		DF2D9B0B2C8079B300C29415 /* AppDelegate.swift in Sources */ = {isa = PBXBuildFile; fileRef = DF2D9AAB2C8079B200C29415 /* AppDelegate.swift */; };
		DF2D9B0C2C8079B300C29415 /* Assets.xcassets in Resources */ = {isa = PBXBuildFile; fileRef = DF2D9AAC2C8079B200C29415 /* Assets.xcassets */; };
		DF2D9B0D2C8079B300C29415 /* Config.xcconfig in Resources */ = {isa = PBXBuildFile; fileRef = DF2D9AAD2C8079B200C29415 /* Config.xcconfig */; };
		DF2D9B0E2C8079B300C29415 /* Info.plist in Resources */ = {isa = PBXBuildFile; fileRef = DF2D9AAE2C8079B200C29415 /* Info.plist */; };
		DF2D9B0F2C8079B300C29415 /* KakaoAuthVM.swift in Sources */ = {isa = PBXBuildFile; fileRef = DF2D9AAF2C8079B200C29415 /* KakaoAuthVM.swift */; };
		DF2D9B102C8079B300C29415 /* LaunchScreen.storyboard in Resources */ = {isa = PBXBuildFile; fileRef = DF2D9AB12C8079B200C29415 /* LaunchScreen.storyboard */; };
		DF2D9B112C8079B300C29415 /* Main.storyboard in Resources */ = {isa = PBXBuildFile; fileRef = DF2D9AB32C8079B200C29415 /* Main.storyboard */; };
		DF2D9B122C8079B300C29415 /* SceneDelegate.swift in Sources */ = {isa = PBXBuildFile; fileRef = DF2D9AB42C8079B200C29415 /* SceneDelegate.swift */; };
		DF2D9B132C8079B300C29415 /* ViewController.swift in Sources */ = {isa = PBXBuildFile; fileRef = DF2D9AB52C8079B200C29415 /* ViewController.swift */; };
		DF2D9B142C8079B300C29415 /* readme.md in Resources */ = {isa = PBXBuildFile; fileRef = DF2D9AB72C8079B200C29415 /* readme.md */; };
		DF2D9B152C8079B300C29415 /* BanChango.png in Resources */ = {isa = PBXBuildFile; fileRef = DF2D9ABA2C8079B200C29415 /* BanChango.png */; };
		DF2D9B162C8079B300C29415 /* kakao_login_large_wide.png in Resources */ = {isa = PBXBuildFile; fileRef = DF2D9ABB2C8079B200C29415 /* kakao_login_large_wide.png */; };
		DF2D9B172C8079B300C29415 /* AppDelegate.swift in Sources */ = {isa = PBXBuildFile; fileRef = DF2D9ABD2C8079B200C29415 /* AppDelegate.swift */; };
		DF2D9B182C8079B300C29415 /* Assets.xcassets in Resources */ = {isa = PBXBuildFile; fileRef = DF2D9ABE2C8079B200C29415 /* Assets.xcassets */; };
		DF2D9B192C8079B300C29415 /* Config.xcconfig in Resources */ = {isa = PBXBuildFile; fileRef = DF2D9ABF2C8079B200C29415 /* Config.xcconfig */; };
		DF2D9B1A2C8079B300C29415 /* Info.plist in Resources */ = {isa = PBXBuildFile; fileRef = DF2D9AC02C8079B200C29415 /* Info.plist */; };
		DF2D9B1B2C8079B300C29415 /* KakaoAuthVM.swift in Sources */ = {isa = PBXBuildFile; fileRef = DF2D9AC12C8079B200C29415 /* KakaoAuthVM.swift */; };
		DF2D9B1C2C8079B300C29415 /* LaunchScreen.storyboard in Resources */ = {isa = PBXBuildFile; fileRef = DF2D9AC32C8079B200C29415 /* LaunchScreen.storyboard */; };
		DF2D9B1D2C8079B300C29415 /* LoginViewController.swift in Sources */ = {isa = PBXBuildFile; fileRef = DF2D9AC42C8079B200C29415 /* LoginViewController.swift */; };
		DF2D9B1E2C8079B300C29415 /* Main.storyboard in Resources */ = {isa = PBXBuildFile; fileRef = DF2D9AC62C8079B200C29415 /* Main.storyboard */; };
		DF2D9B1F2C8079B300C29415 /* SceneDelegate.swift in Sources */ = {isa = PBXBuildFile; fileRef = DF2D9AC72C8079B200C29415 /* SceneDelegate.swift */; };
		DF2D9B202C8079B300C29415 /* ViewController.swift in Sources */ = {isa = PBXBuildFile; fileRef = DF2D9AC82C8079B200C29415 /* ViewController.swift */; };
		DF2D9B212C8079B300C29415 /* readme.md in Resources */ = {isa = PBXBuildFile; fileRef = DF2D9ACA2C8079B200C29415 /* readme.md */; };
		DF2D9B222C8079B300C29415 /* AppDelegate.swift in Sources */ = {isa = PBXBuildFile; fileRef = DF2D9ADD2C8079B200C29415 /* AppDelegate.swift */; };
		DF2D9B232C8079B300C29415 /* Assets.xcassets in Resources */ = {isa = PBXBuildFile; fileRef = DF2D9ADE2C8079B200C29415 /* Assets.xcassets */; };
		DF2D9B242C8079B300C29415 /* Info.plist in Resources */ = {isa = PBXBuildFile; fileRef = DF2D9ADF2C8079B200C29415 /* Info.plist */; };
		DF2D9B252C8079B300C29415 /* LaunchScreen.storyboard in Resources */ = {isa = PBXBuildFile; fileRef = DF2D9AE12C8079B200C29415 /* LaunchScreen.storyboard */; };
		DF2D9B262C8079B300C29415 /* Main.storyboard in Resources */ = {isa = PBXBuildFile; fileRef = DF2D9AE32C8079B200C29415 /* Main.storyboard */; };
		DF2D9B272C8079B300C29415 /* SceneDelegate.swift in Sources */ = {isa = PBXBuildFile; fileRef = DF2D9AE42C8079B200C29415 /* SceneDelegate.swift */; };
		DF2D9B282C8079B300C29415 /* ViewController.swift in Sources */ = {isa = PBXBuildFile; fileRef = DF2D9AE52C8079B200C29415 /* ViewController.swift */; };
/* End PBXBuildFile section */

/* Begin PBXContainerItemProxy section */
		DF2D9A9A2C8079B200C29415 /* PBXContainerItemProxy */ = {
			isa = PBXContainerItemProxy;
			containerPortal = DF2D9A942C8079B200C29415 /* Banchango.xcodeproj */;
			proxyType = 2;
			remoteGlobalIDString = DF3BFC5A2C74A85C00E14567;
			remoteInfo = Banchango;
		};
		DF2D9AD52C8079B200C29415 /* PBXContainerItemProxy */ = {
			isa = PBXContainerItemProxy;
			containerPortal = DF2D9AA82C8079B200C29415 /* Social_Login_SwiftUI.xcodeproj */;
			proxyType = 2;
			remoteGlobalIDString = DF3D2A812C6DC6E9005BB937;
			remoteInfo = Social_Login_SwiftUI;
		};
		DF2D9AD82C8079B200C29415 /* PBXContainerItemProxy */ = {
			isa = PBXContainerItemProxy;
			containerPortal = DF2D9ACB2C8079B200C29415 /* SocialLogin.xcodeproj */;
			proxyType = 2;
			remoteGlobalIDString = DFF5E5972C6A341D00BC777A;
			remoteInfo = SocialLogin;
		};
		DF2D9ADB2C8079B200C29415 /* PBXContainerItemProxy */ = {
			isa = PBXContainerItemProxy;
			containerPortal = DF2D9AB82C8079B200C29415 /* SocialLogin.xcodeproj */;
			proxyType = 2;
			remoteGlobalIDString = DFF5E5972C6A341D00BC777A;
			remoteInfo = SocialLogin;
		};
		DF2D9AEC2C8079B200C29415 /* PBXContainerItemProxy */ = {
			isa = PBXContainerItemProxy;
			containerPortal = DF2D9AE72C8079B200C29415 /* 2_TextFieldProject.xcodeproj */;
			proxyType = 2;
			remoteGlobalIDString = DFD9997E2C7C5F7200124AB9;
			remoteInfo = 2_TextFieldProject;
		};
/* End PBXContainerItemProxy section */

/* Begin PBXFileReference section */
		DF1FFCAC2C6A42FF00C52627 /* iOSDevLibrary.app */ = {isa = PBXFileReference; explicitFileType = wrapper.application; includeInIndex = 0; path = iOSDevLibrary.app; sourceTree = BUILT_PRODUCTS_DIR; };
		DF1FFCAF2C6A42FF00C52627 /* AppDelegate.swift */ = {isa = PBXFileReference; lastKnownFileType = sourcecode.swift; path = AppDelegate.swift; sourceTree = "<group>"; };
		DF1FFCB12C6A42FF00C52627 /* SceneDelegate.swift */ = {isa = PBXFileReference; lastKnownFileType = sourcecode.swift; path = SceneDelegate.swift; sourceTree = "<group>"; };
		DF1FFCB32C6A42FF00C52627 /* ViewController.swift */ = {isa = PBXFileReference; lastKnownFileType = sourcecode.swift; path = ViewController.swift; sourceTree = "<group>"; };
		DF1FFCB62C6A42FF00C52627 /* Base */ = {isa = PBXFileReference; lastKnownFileType = file.storyboard; name = Base; path = Base.lproj/Main.storyboard; sourceTree = "<group>"; };
		DF1FFCB82C6A430000C52627 /* Assets.xcassets */ = {isa = PBXFileReference; lastKnownFileType = folder.assetcatalog; path = Assets.xcassets; sourceTree = "<group>"; };
		DF1FFCBB2C6A430000C52627 /* Base */ = {isa = PBXFileReference; lastKnownFileType = file.storyboard; name = Base; path = Base.lproj/LaunchScreen.storyboard; sourceTree = "<group>"; };
		DF1FFCBD2C6A430000C52627 /* Info.plist */ = {isa = PBXFileReference; lastKnownFileType = text.plist.xml; path = Info.plist; sourceTree = "<group>"; };
		DF1FFCFD2C6A457B00C52627 /* .gitignore */ = {isa = PBXFileReference; lastKnownFileType = text; path = .gitignore; sourceTree = "<group>"; };
		DF1FFD002C6A471400C52627 /* readme.md */ = {isa = PBXFileReference; lastKnownFileType = net.daringfireball.markdown; path = readme.md; sourceTree = "<group>"; };
		DF2D9A7A2C8079B200C29415 /* FifthViewController.swift */ = {isa = PBXFileReference; fileEncoding = 4; lastKnownFileType = sourcecode.swift; path = FifthViewController.swift; sourceTree = "<group>"; };
		DF2D9A7B2C8079B200C29415 /* FirstViewController.swift */ = {isa = PBXFileReference; fileEncoding = 4; lastKnownFileType = sourcecode.swift; path = FirstViewController.swift; sourceTree = "<group>"; };
		DF2D9A7C2C8079B200C29415 /* FourthViewController.swift */ = {isa = PBXFileReference; fileEncoding = 4; lastKnownFileType = sourcecode.swift; path = FourthViewController.swift; sourceTree = "<group>"; };
		DF2D9A7D2C8079B200C29415 /* SecondViewController.swift */ = {isa = PBXFileReference; fileEncoding = 4; lastKnownFileType = sourcecode.swift; path = SecondViewController.swift; sourceTree = "<group>"; };
		DF2D9A7E2C8079B200C29415 /* ThirdViewController.swift */ = {isa = PBXFileReference; fileEncoding = 4; lastKnownFileType = sourcecode.swift; path = ThirdViewController.swift; sourceTree = "<group>"; };
		DF2D9A802C8079B200C29415 /* AppDelegate.swift */ = {isa = PBXFileReference; fileEncoding = 4; lastKnownFileType = sourcecode.swift; path = AppDelegate.swift; sourceTree = "<group>"; };
		DF2D9A812C8079B200C29415 /* SceneDelegate.swift */ = {isa = PBXFileReference; fileEncoding = 4; lastKnownFileType = sourcecode.swift; path = SceneDelegate.swift; sourceTree = "<group>"; };
		DF2D9A832C8079B200C29415 /* FirebaseFirestoreSwift.swift */ = {isa = PBXFileReference; fileEncoding = 4; lastKnownFileType = sourcecode.swift; path = FirebaseFirestoreSwift.swift; sourceTree = "<group>"; };
		DF2D9A842C8079B200C29415 /* MyFirestore.swift */ = {isa = PBXFileReference; fileEncoding = 4; lastKnownFileType = sourcecode.swift; path = MyFirestore.swift; sourceTree = "<group>"; };
		DF2D9A862C8079B200C29415 /* BanChango.png */ = {isa = PBXFileReference; lastKnownFileType = image.png; path = BanChango.png; sourceTree = "<group>"; };
		DF2D9A872C8079B200C29415 /* kakao_login_large_wide.png */ = {isa = PBXFileReference; lastKnownFileType = image.png; path = kakao_login_large_wide.png; sourceTree = "<group>"; };
		DF2D9A892C8079B200C29415 /* Assets.xcassets */ = {isa = PBXFileReference; lastKnownFileType = folder.assetcatalog; path = Assets.xcassets; sourceTree = "<group>"; };
		DF2D9A8A2C8079B200C29415 /* Config.xcconfig */ = {isa = PBXFileReference; fileEncoding = 4; lastKnownFileType = text.xcconfig; path = Config.xcconfig; sourceTree = "<group>"; };
		DF2D9A8B2C8079B200C29415 /* GoogleService-Info.plist */ = {isa = PBXFileReference; fileEncoding = 4; lastKnownFileType = text.plist.xml; path = "GoogleService-Info.plist"; sourceTree = "<group>"; };
		DF2D9A8C2C8079B200C29415 /* Info.plist */ = {isa = PBXFileReference; fileEncoding = 4; lastKnownFileType = text.plist.xml; path = Info.plist; sourceTree = "<group>"; };
		DF2D9A8D2C8079B200C29415 /* KakaoAuthVM.swift */ = {isa = PBXFileReference; fileEncoding = 4; lastKnownFileType = sourcecode.swift; path = KakaoAuthVM.swift; sourceTree = "<group>"; };
		DF2D9A8E2C8079B200C29415 /* Base */ = {isa = PBXFileReference; lastKnownFileType = file.storyboard; name = Base; path = Base.lproj/LaunchScreen.storyboard; sourceTree = "<group>"; };
		DF2D9A902C8079B200C29415 /* LoginViewController.swift */ = {isa = PBXFileReference; fileEncoding = 4; lastKnownFileType = sourcecode.swift; path = LoginViewController.swift; sourceTree = "<group>"; };
		DF2D9A912C8079B200C29415 /* Base */ = {isa = PBXFileReference; lastKnownFileType = file.storyboard; name = Base; path = Base.lproj/Main.storyboard; sourceTree = "<group>"; };
		DF2D9A942C8079B200C29415 /* Banchango.xcodeproj */ = {isa = PBXFileReference; lastKnownFileType = "wrapper.pb-project"; path = Banchango.xcodeproj; sourceTree = "<group>"; };
		DF2D9A9C2C8079B200C29415 /* KakaoAuthVM.swift */ = {isa = PBXFileReference; fileEncoding = 4; lastKnownFileType = sourcecode.swift; path = KakaoAuthVM.swift; sourceTree = "<group>"; };
		DF2D9A9D2C8079B200C29415 /* LoginView.swift */ = {isa = PBXFileReference; fileEncoding = 4; lastKnownFileType = sourcecode.swift; path = LoginView.swift; sourceTree = "<group>"; };
		DF2D9A9E2C8079B200C29415 /* MyAppDelegate.swift */ = {isa = PBXFileReference; fileEncoding = 4; lastKnownFileType = sourcecode.swift; path = MyAppDelegate.swift; sourceTree = "<group>"; };
		DF2D9A9F2C8079B200C29415 /* MySceneDelegate.swift */ = {isa = PBXFileReference; fileEncoding = 4; lastKnownFileType = sourcecode.swift; path = MySceneDelegate.swift; sourceTree = "<group>"; };
		DF2D9AA12C8079B200C29415 /* Preview Assets.xcassets */ = {isa = PBXFileReference; lastKnownFileType = folder.assetcatalog; path = "Preview Assets.xcassets"; sourceTree = "<group>"; };
		DF2D9AA32C8079B200C29415 /* Assets.xcassets */ = {isa = PBXFileReference; lastKnownFileType = folder.assetcatalog; path = Assets.xcassets; sourceTree = "<group>"; };
		DF2D9AA42C8079B200C29415 /* Config.xcconfig */ = {isa = PBXFileReference; fileEncoding = 4; lastKnownFileType = text.xcconfig; path = Config.xcconfig; sourceTree = "<group>"; };
		DF2D9AA52C8079B200C29415 /* ContentView.swift */ = {isa = PBXFileReference; fileEncoding = 4; lastKnownFileType = sourcecode.swift; path = ContentView.swift; sourceTree = "<group>"; };
		DF2D9AA62C8079B200C29415 /* Social_Login_SwiftUIApp.swift */ = {isa = PBXFileReference; fileEncoding = 4; lastKnownFileType = sourcecode.swift; path = Social_Login_SwiftUIApp.swift; sourceTree = "<group>"; };
		DF2D9AA82C8079B200C29415 /* Social_Login_SwiftUI.xcodeproj */ = {isa = PBXFileReference; lastKnownFileType = "wrapper.pb-project"; path = Social_Login_SwiftUI.xcodeproj; sourceTree = "<group>"; };
		DF2D9AA92C8079B200C29415 /* Social-Login-SwiftUI-Info.plist */ = {isa = PBXFileReference; fileEncoding = 4; lastKnownFileType = text.plist.xml; path = "Social-Login-SwiftUI-Info.plist"; sourceTree = "<group>"; };
		DF2D9AAB2C8079B200C29415 /* AppDelegate.swift */ = {isa = PBXFileReference; fileEncoding = 4; lastKnownFileType = sourcecode.swift; path = AppDelegate.swift; sourceTree = "<group>"; };
		DF2D9AAC2C8079B200C29415 /* Assets.xcassets */ = {isa = PBXFileReference; lastKnownFileType = folder.assetcatalog; path = Assets.xcassets; sourceTree = "<group>"; };
		DF2D9AAD2C8079B200C29415 /* Config.xcconfig */ = {isa = PBXFileReference; fileEncoding = 4; lastKnownFileType = text.xcconfig; path = Config.xcconfig; sourceTree = "<group>"; };
		DF2D9AAE2C8079B200C29415 /* Info.plist */ = {isa = PBXFileReference; fileEncoding = 4; lastKnownFileType = text.plist.xml; path = Info.plist; sourceTree = "<group>"; };
		DF2D9AAF2C8079B200C29415 /* KakaoAuthVM.swift */ = {isa = PBXFileReference; fileEncoding = 4; lastKnownFileType = sourcecode.swift; path = KakaoAuthVM.swift; sourceTree = "<group>"; };
		DF2D9AB02C8079B200C29415 /* Base */ = {isa = PBXFileReference; lastKnownFileType = file.storyboard; name = Base; path = Base.lproj/LaunchScreen.storyboard; sourceTree = "<group>"; };
		DF2D9AB22C8079B200C29415 /* Base */ = {isa = PBXFileReference; lastKnownFileType = file.storyboard; name = Base; path = Base.lproj/Main.storyboard; sourceTree = "<group>"; };
		DF2D9AB42C8079B200C29415 /* SceneDelegate.swift */ = {isa = PBXFileReference; fileEncoding = 4; lastKnownFileType = sourcecode.swift; path = SceneDelegate.swift; sourceTree = "<group>"; };
		DF2D9AB52C8079B200C29415 /* ViewController.swift */ = {isa = PBXFileReference; fileEncoding = 4; lastKnownFileType = sourcecode.swift; path = ViewController.swift; sourceTree = "<group>"; };
		DF2D9AB72C8079B200C29415 /* readme.md */ = {isa = PBXFileReference; fileEncoding = 4; lastKnownFileType = net.daringfireball.markdown; path = readme.md; sourceTree = "<group>"; };
		DF2D9AB82C8079B200C29415 /* SocialLogin.xcodeproj */ = {isa = PBXFileReference; lastKnownFileType = "wrapper.pb-project"; path = SocialLogin.xcodeproj; sourceTree = "<group>"; };
		DF2D9ABA2C8079B200C29415 /* BanChango.png */ = {isa = PBXFileReference; lastKnownFileType = image.png; path = BanChango.png; sourceTree = "<group>"; };
		DF2D9ABB2C8079B200C29415 /* kakao_login_large_wide.png */ = {isa = PBXFileReference; lastKnownFileType = image.png; path = kakao_login_large_wide.png; sourceTree = "<group>"; };
		DF2D9ABD2C8079B200C29415 /* AppDelegate.swift */ = {isa = PBXFileReference; fileEncoding = 4; lastKnownFileType = sourcecode.swift; path = AppDelegate.swift; sourceTree = "<group>"; };
		DF2D9ABE2C8079B200C29415 /* Assets.xcassets */ = {isa = PBXFileReference; lastKnownFileType = folder.assetcatalog; path = Assets.xcassets; sourceTree = "<group>"; };
		DF2D9ABF2C8079B200C29415 /* Config.xcconfig */ = {isa = PBXFileReference; fileEncoding = 4; lastKnownFileType = text.xcconfig; path = Config.xcconfig; sourceTree = "<group>"; };
		DF2D9AC02C8079B200C29415 /* Info.plist */ = {isa = PBXFileReference; fileEncoding = 4; lastKnownFileType = text.plist.xml; path = Info.plist; sourceTree = "<group>"; };
		DF2D9AC12C8079B200C29415 /* KakaoAuthVM.swift */ = {isa = PBXFileReference; fileEncoding = 4; lastKnownFileType = sourcecode.swift; path = KakaoAuthVM.swift; sourceTree = "<group>"; };
		DF2D9AC22C8079B200C29415 /* Base */ = {isa = PBXFileReference; lastKnownFileType = file.storyboard; name = Base; path = Base.lproj/LaunchScreen.storyboard; sourceTree = "<group>"; };
		DF2D9AC42C8079B200C29415 /* LoginViewController.swift */ = {isa = PBXFileReference; fileEncoding = 4; lastKnownFileType = sourcecode.swift; path = LoginViewController.swift; sourceTree = "<group>"; };
		DF2D9AC52C8079B200C29415 /* Base */ = {isa = PBXFileReference; lastKnownFileType = file.storyboard; name = Base; path = Base.lproj/Main.storyboard; sourceTree = "<group>"; };
		DF2D9AC72C8079B200C29415 /* SceneDelegate.swift */ = {isa = PBXFileReference; fileEncoding = 4; lastKnownFileType = sourcecode.swift; path = SceneDelegate.swift; sourceTree = "<group>"; };
		DF2D9AC82C8079B200C29415 /* ViewController.swift */ = {isa = PBXFileReference; fileEncoding = 4; lastKnownFileType = sourcecode.swift; path = ViewController.swift; sourceTree = "<group>"; };
		DF2D9ACA2C8079B200C29415 /* readme.md */ = {isa = PBXFileReference; fileEncoding = 4; lastKnownFileType = net.daringfireball.markdown; path = readme.md; sourceTree = "<group>"; };
		DF2D9ACB2C8079B200C29415 /* SocialLogin.xcodeproj */ = {isa = PBXFileReference; lastKnownFileType = "wrapper.pb-project"; path = SocialLogin.xcodeproj; sourceTree = "<group>"; };
		DF2D9ADD2C8079B200C29415 /* AppDelegate.swift */ = {isa = PBXFileReference; fileEncoding = 4; lastKnownFileType = sourcecode.swift; path = AppDelegate.swift; sourceTree = "<group>"; };
		DF2D9ADE2C8079B200C29415 /* Assets.xcassets */ = {isa = PBXFileReference; lastKnownFileType = folder.assetcatalog; path = Assets.xcassets; sourceTree = "<group>"; };
		DF2D9ADF2C8079B200C29415 /* Info.plist */ = {isa = PBXFileReference; fileEncoding = 4; lastKnownFileType = text.plist.xml; path = Info.plist; sourceTree = "<group>"; };
		DF2D9AE02C8079B200C29415 /* Base */ = {isa = PBXFileReference; lastKnownFileType = file.storyboard; name = Base; path = Base.lproj/LaunchScreen.storyboard; sourceTree = "<group>"; };
		DF2D9AE22C8079B200C29415 /* Base */ = {isa = PBXFileReference; lastKnownFileType = file.storyboard; name = Base; path = Base.lproj/Main.storyboard; sourceTree = "<group>"; };
		DF2D9AE42C8079B200C29415 /* SceneDelegate.swift */ = {isa = PBXFileReference; fileEncoding = 4; lastKnownFileType = sourcecode.swift; path = SceneDelegate.swift; sourceTree = "<group>"; };
		DF2D9AE52C8079B200C29415 /* ViewController.swift */ = {isa = PBXFileReference; fileEncoding = 4; lastKnownFileType = sourcecode.swift; path = ViewController.swift; sourceTree = "<group>"; };
		DF2D9AE72C8079B200C29415 /* 2_TextFieldProject.xcodeproj */ = {isa = PBXFileReference; lastKnownFileType = "wrapper.pb-project"; path = 2_TextFieldProject.xcodeproj; sourceTree = "<group>"; };
/* End PBXFileReference section */

/* Begin PBXFrameworksBuildPhase section */
		DF1FFCA92C6A42FF00C52627 /* Frameworks */ = {
			isa = PBXFrameworksBuildPhase;
			buildActionMask = 2147483647;
			files = (
			);
			runOnlyForDeploymentPostprocessing = 0;
		};
/* End PBXFrameworksBuildPhase section */

/* Begin PBXGroup section */
		DF1FFCA32C6A42FF00C52627 = {
			isa = PBXGroup;
			children = (
				DF1FFD002C6A471400C52627 /* readme.md */,
				DF1FFCFD2C6A457B00C52627 /* .gitignore */,
				DF2D9ACD2C8079B200C29415 /* 1_Social_Login */,
				DF2D9AE82C8079B200C29415 /* 2_TextFieldProject */,
				DF2D9A962C8079B200C29415 /* 3_소셜로그인 + firebase 닉네임 설정 */,
				DF1FFCAE2C6A42FF00C52627 /* iOSDevLibrary */,
				DF1FFCAD2C6A42FF00C52627 /* Products */,
			);
			sourceTree = "<group>";
		};
		DF1FFCAD2C6A42FF00C52627 /* Products */ = {
			isa = PBXGroup;
			children = (
				DF1FFCAC2C6A42FF00C52627 /* iOSDevLibrary.app */,
			);
			name = Products;
			sourceTree = "<group>";
		};
		DF1FFCAE2C6A42FF00C52627 /* iOSDevLibrary */ = {
			isa = PBXGroup;
			children = (
				DF1FFCAF2C6A42FF00C52627 /* AppDelegate.swift */,
				DF1FFCB12C6A42FF00C52627 /* SceneDelegate.swift */,
				DF1FFCB32C6A42FF00C52627 /* ViewController.swift */,
				DF1FFCB52C6A42FF00C52627 /* Main.storyboard */,
				DF1FFCB82C6A430000C52627 /* Assets.xcassets */,
				DF1FFCBA2C6A430000C52627 /* LaunchScreen.storyboard */,
				DF1FFCBD2C6A430000C52627 /* Info.plist */,
			);
			path = iOSDevLibrary;
			sourceTree = "<group>";
		};
		DF2D9A7F2C8079B200C29415 /* Controller */ = {
			isa = PBXGroup;
			children = (
				DF2D9A7A2C8079B200C29415 /* FifthViewController.swift */,
				DF2D9A7B2C8079B200C29415 /* FirstViewController.swift */,
				DF2D9A7C2C8079B200C29415 /* FourthViewController.swift */,
				DF2D9A7D2C8079B200C29415 /* SecondViewController.swift */,
				DF2D9A7E2C8079B200C29415 /* ThirdViewController.swift */,
			);
			path = Controller;
			sourceTree = "<group>";
		};
		DF2D9A822C8079B200C29415 /* Delegate */ = {
			isa = PBXGroup;
			children = (
				DF2D9A802C8079B200C29415 /* AppDelegate.swift */,
				DF2D9A812C8079B200C29415 /* SceneDelegate.swift */,
			);
			path = Delegate;
			sourceTree = "<group>";
		};
		DF2D9A852C8079B200C29415 /* Firebase */ = {
			isa = PBXGroup;
			children = (
				DF2D9A832C8079B200C29415 /* FirebaseFirestoreSwift.swift */,
				DF2D9A842C8079B200C29415 /* MyFirestore.swift */,
			);
			path = Firebase;
			sourceTree = "<group>";
		};
		DF2D9A882C8079B200C29415 /* image */ = {
			isa = PBXGroup;
			children = (
				DF2D9A862C8079B200C29415 /* BanChango.png */,
				DF2D9A872C8079B200C29415 /* kakao_login_large_wide.png */,
			);
			path = image;
			sourceTree = "<group>";
		};
		DF2D9A932C8079B200C29415 /* Banchango */ = {
			isa = PBXGroup;
			children = (
				DF2D9A7F2C8079B200C29415 /* Controller */,
				DF2D9A822C8079B200C29415 /* Delegate */,
				DF2D9A852C8079B200C29415 /* Firebase */,
				DF2D9A882C8079B200C29415 /* image */,
				DF2D9A892C8079B200C29415 /* Assets.xcassets */,
				DF2D9A8A2C8079B200C29415 /* Config.xcconfig */,
				DF2D9A8B2C8079B200C29415 /* GoogleService-Info.plist */,
				DF2D9A8C2C8079B200C29415 /* Info.plist */,
				DF2D9A8D2C8079B200C29415 /* KakaoAuthVM.swift */,
				DF2D9A8F2C8079B200C29415 /* LaunchScreen.storyboard */,
				DF2D9A902C8079B200C29415 /* LoginViewController.swift */,
				DF2D9A922C8079B200C29415 /* Main.storyboard */,
			);
			path = Banchango;
			sourceTree = "<group>";
		};
		DF2D9A952C8079B200C29415 /* Banchango */ = {
			isa = PBXGroup;
			children = (
				DF2D9A932C8079B200C29415 /* Banchango */,
				DF2D9A942C8079B200C29415 /* Banchango.xcodeproj */,
			);
			path = Banchango;
			sourceTree = "<group>";
		};
		DF2D9A962C8079B200C29415 /* 3_소셜로그인 + firebase 닉네임 설정 */ = {
			isa = PBXGroup;
			children = (
				DF2D9A952C8079B200C29415 /* Banchango */,
			);
			path = "3_소셜로그인 + firebase 닉네임 설정";
			sourceTree = "<group>";
		};
		DF2D9A972C8079B200C29415 /* Products */ = {
			isa = PBXGroup;
			children = (
				DF2D9A9B2C8079B200C29415 /* Banchango.app */,
			);
			name = Products;
			sourceTree = "<group>";
		};
		DF2D9AA02C8079B200C29415 /* Login */ = {
			isa = PBXGroup;
			children = (
				DF2D9A9C2C8079B200C29415 /* KakaoAuthVM.swift */,
				DF2D9A9D2C8079B200C29415 /* LoginView.swift */,
				DF2D9A9E2C8079B200C29415 /* MyAppDelegate.swift */,
				DF2D9A9F2C8079B200C29415 /* MySceneDelegate.swift */,
			);
			path = Login;
			sourceTree = "<group>";
		};
		DF2D9AA22C8079B200C29415 /* Preview Content */ = {
			isa = PBXGroup;
			children = (
				DF2D9AA12C8079B200C29415 /* Preview Assets.xcassets */,
			);
			path = "Preview Content";
			sourceTree = "<group>";
		};
		DF2D9AA72C8079B200C29415 /* Social_Login_SwiftUI */ = {
			isa = PBXGroup;
			children = (
				DF2D9AA02C8079B200C29415 /* Login */,
				DF2D9AA22C8079B200C29415 /* Preview Content */,
				DF2D9AA32C8079B200C29415 /* Assets.xcassets */,
				DF2D9AA42C8079B200C29415 /* Config.xcconfig */,
				DF2D9AA52C8079B200C29415 /* ContentView.swift */,
				DF2D9AA62C8079B200C29415 /* Social_Login_SwiftUIApp.swift */,
			);
			path = Social_Login_SwiftUI;
			sourceTree = "<group>";
		};
		DF2D9AAA2C8079B200C29415 /* Social_Login_SwiftUI */ = {
			isa = PBXGroup;
			children = (
				DF2D9AA72C8079B200C29415 /* Social_Login_SwiftUI */,
				DF2D9AA82C8079B200C29415 /* Social_Login_SwiftUI.xcodeproj */,
				DF2D9AA92C8079B200C29415 /* Social-Login-SwiftUI-Info.plist */,
			);
			path = Social_Login_SwiftUI;
			sourceTree = "<group>";
		};
		DF2D9AB62C8079B200C29415 /* SocialLogin */ = {
			isa = PBXGroup;
			children = (
				DF2D9AAB2C8079B200C29415 /* AppDelegate.swift */,
				DF2D9AAC2C8079B200C29415 /* Assets.xcassets */,
				DF2D9AAD2C8079B200C29415 /* Config.xcconfig */,
				DF2D9AAE2C8079B200C29415 /* Info.plist */,
				DF2D9AAF2C8079B200C29415 /* KakaoAuthVM.swift */,
				DF2D9AB12C8079B200C29415 /* LaunchScreen.storyboard */,
				DF2D9AB32C8079B200C29415 /* Main.storyboard */,
				DF2D9AB42C8079B200C29415 /* SceneDelegate.swift */,
				DF2D9AB52C8079B200C29415 /* ViewController.swift */,
			);
			path = SocialLogin;
			sourceTree = "<group>";
		};
		DF2D9AB92C8079B200C29415 /* SocialLogin_UIKit */ = {
			isa = PBXGroup;
			children = (
				DF2D9AB62C8079B200C29415 /* SocialLogin */,
				DF2D9AB72C8079B200C29415 /* readme.md */,
				DF2D9AB82C8079B200C29415 /* SocialLogin.xcodeproj */,
			);
			path = SocialLogin_UIKit;
			sourceTree = "<group>";
		};
		DF2D9ABC2C8079B200C29415 /* image */ = {
			isa = PBXGroup;
			children = (
				DF2D9ABA2C8079B200C29415 /* BanChango.png */,
				DF2D9ABB2C8079B200C29415 /* kakao_login_large_wide.png */,
			);
			path = image;
			sourceTree = "<group>";
		};
		DF2D9AC92C8079B200C29415 /* SocialLogin */ = {
			isa = PBXGroup;
			children = (
				DF2D9ABC2C8079B200C29415 /* image */,
				DF2D9ABD2C8079B200C29415 /* AppDelegate.swift */,
				DF2D9ABE2C8079B200C29415 /* Assets.xcassets */,
				DF2D9ABF2C8079B200C29415 /* Config.xcconfig */,
				DF2D9AC02C8079B200C29415 /* Info.plist */,
				DF2D9AC12C8079B200C29415 /* KakaoAuthVM.swift */,
				DF2D9AC32C8079B200C29415 /* LaunchScreen.storyboard */,
				DF2D9AC42C8079B200C29415 /* LoginViewController.swift */,
				DF2D9AC62C8079B200C29415 /* Main.storyboard */,
				DF2D9AC72C8079B200C29415 /* SceneDelegate.swift */,
				DF2D9AC82C8079B200C29415 /* ViewController.swift */,
			);
			path = SocialLogin;
			sourceTree = "<group>";
		};
		DF2D9ACC2C8079B200C29415 /* SocialLogin_UIKit_프로토타입 */ = {
			isa = PBXGroup;
			children = (
				DF2D9AC92C8079B200C29415 /* SocialLogin */,
				DF2D9ACA2C8079B200C29415 /* readme.md */,
				DF2D9ACB2C8079B200C29415 /* SocialLogin.xcodeproj */,
			);
			path = "SocialLogin_UIKit_프로토타입";
			sourceTree = "<group>";
		};
		DF2D9ACD2C8079B200C29415 /* 1_Social_Login */ = {
			isa = PBXGroup;
			children = (
				DF2D9AAA2C8079B200C29415 /* Social_Login_SwiftUI */,
				DF2D9AB92C8079B200C29415 /* SocialLogin_UIKit */,
				DF2D9ACC2C8079B200C29415 /* SocialLogin_UIKit_프로토타입 */,
			);
			path = 1_Social_Login;
			sourceTree = "<group>";
		};
		DF2D9ACE2C8079B200C29415 /* Products */ = {
			isa = PBXGroup;
			children = (
				DF2D9ADC2C8079B200C29415 /* SocialLogin.app */,
			);
			name = Products;
			sourceTree = "<group>";
		};
		DF2D9AD02C8079B200C29415 /* Products */ = {
			isa = PBXGroup;
			children = (
				DF2D9AD92C8079B200C29415 /* SocialLogin.app */,
			);
			name = Products;
			sourceTree = "<group>";
		};
		DF2D9AD22C8079B200C29415 /* Products */ = {
			isa = PBXGroup;
			children = (
				DF2D9AD62C8079B200C29415 /* Social_Login_SwiftUI.app */,
			);
			name = Products;
			sourceTree = "<group>";
		};
		DF2D9AE62C8079B200C29415 /* 2_TextFieldProject */ = {
			isa = PBXGroup;
			children = (
				DF2D9ADD2C8079B200C29415 /* AppDelegate.swift */,
				DF2D9ADE2C8079B200C29415 /* Assets.xcassets */,
				DF2D9ADF2C8079B200C29415 /* Info.plist */,
				DF2D9AE12C8079B200C29415 /* LaunchScreen.storyboard */,
				DF2D9AE32C8079B200C29415 /* Main.storyboard */,
				DF2D9AE42C8079B200C29415 /* SceneDelegate.swift */,
				DF2D9AE52C8079B200C29415 /* ViewController.swift */,
			);
			path = 2_TextFieldProject;
			sourceTree = "<group>";
		};
		DF2D9AE82C8079B200C29415 /* 2_TextFieldProject */ = {
			isa = PBXGroup;
			children = (
				DF2D9AE62C8079B200C29415 /* 2_TextFieldProject */,
				DF2D9AE72C8079B200C29415 /* 2_TextFieldProject.xcodeproj */,
			);
			path = 2_TextFieldProject;
			sourceTree = "<group>";
		};
		DF2D9AE92C8079B200C29415 /* Products */ = {
			isa = PBXGroup;
			children = (
				DF2D9AED2C8079B200C29415 /* 2_TextFieldProject.app */,
			);
			name = Products;
			sourceTree = "<group>";
		};
/* End PBXGroup section */

/* Begin PBXNativeTarget section */
		DF1FFCAB2C6A42FF00C52627 /* iOSDevLibrary */ = {
			isa = PBXNativeTarget;
			buildConfigurationList = DF1FFCC02C6A430000C52627 /* Build configuration list for PBXNativeTarget "iOSDevLibrary" */;
			buildPhases = (
				DF1FFCA82C6A42FF00C52627 /* Sources */,
				DF1FFCA92C6A42FF00C52627 /* Frameworks */,
				DF1FFCAA2C6A42FF00C52627 /* Resources */,
			);
			buildRules = (
			);
			dependencies = (
			);
			name = iOSDevLibrary;
			productName = iOSDevLibrary;
			productReference = DF1FFCAC2C6A42FF00C52627 /* iOSDevLibrary.app */;
			productType = "com.apple.product-type.application";
		};
/* End PBXNativeTarget section */

/* Begin PBXProject section */
		DF1FFCA42C6A42FF00C52627 /* Project object */ = {
			isa = PBXProject;
			attributes = {
				BuildIndependentTargetsInParallel = 1;
				LastSwiftUpdateCheck = 1540;
				LastUpgradeCheck = 1540;
				TargetAttributes = {
					DF1FFCAB2C6A42FF00C52627 = {
						CreatedOnToolsVersion = 15.4;
					};
				};
			};
			buildConfigurationList = DF1FFCA72C6A42FF00C52627 /* Build configuration list for PBXProject "iOSDevLibrary" */;
			compatibilityVersion = "Xcode 14.0";
			developmentRegion = en;
			hasScannedForEncodings = 0;
			knownRegions = (
				en,
				Base,
			);
			mainGroup = DF1FFCA32C6A42FF00C52627;
			productRefGroup = DF1FFCAD2C6A42FF00C52627 /* Products */;
			projectDirPath = "";
			projectReferences = (
				{
					ProductGroup = DF2D9AE92C8079B200C29415 /* Products */;
					ProjectRef = DF2D9AE72C8079B200C29415 /* 2_TextFieldProject.xcodeproj */;
				},
				{
					ProductGroup = DF2D9A972C8079B200C29415 /* Products */;
					ProjectRef = DF2D9A942C8079B200C29415 /* Banchango.xcodeproj */;
				},
				{
					ProductGroup = DF2D9AD22C8079B200C29415 /* Products */;
					ProjectRef = DF2D9AA82C8079B200C29415 /* Social_Login_SwiftUI.xcodeproj */;
				},
				{
					ProductGroup = DF2D9AD02C8079B200C29415 /* Products */;
					ProjectRef = DF2D9ACB2C8079B200C29415 /* SocialLogin.xcodeproj */;
				},
				{
					ProductGroup = DF2D9ACE2C8079B200C29415 /* Products */;
					ProjectRef = DF2D9AB82C8079B200C29415 /* SocialLogin.xcodeproj */;
				},
			);
			projectRoot = "";
			targets = (
				DF1FFCAB2C6A42FF00C52627 /* iOSDevLibrary */,
			);
		};
/* End PBXProject section */

/* Begin PBXReferenceProxy section */
		DF2D9A9B2C8079B200C29415 /* Banchango.app */ = {
			isa = PBXReferenceProxy;
			fileType = wrapper.application;
			path = Banchango.app;
			remoteRef = DF2D9A9A2C8079B200C29415 /* PBXContainerItemProxy */;
			sourceTree = BUILT_PRODUCTS_DIR;
		};
		DF2D9AD62C8079B200C29415 /* Social_Login_SwiftUI.app */ = {
			isa = PBXReferenceProxy;
			fileType = wrapper.application;
			path = Social_Login_SwiftUI.app;
			remoteRef = DF2D9AD52C8079B200C29415 /* PBXContainerItemProxy */;
			sourceTree = BUILT_PRODUCTS_DIR;
		};
		DF2D9AD92C8079B200C29415 /* SocialLogin.app */ = {
			isa = PBXReferenceProxy;
			fileType = wrapper.application;
			path = SocialLogin.app;
			remoteRef = DF2D9AD82C8079B200C29415 /* PBXContainerItemProxy */;
			sourceTree = BUILT_PRODUCTS_DIR;
		};
		DF2D9ADC2C8079B200C29415 /* SocialLogin.app */ = {
			isa = PBXReferenceProxy;
			fileType = wrapper.application;
			path = SocialLogin.app;
			remoteRef = DF2D9ADB2C8079B200C29415 /* PBXContainerItemProxy */;
			sourceTree = BUILT_PRODUCTS_DIR;
		};
		DF2D9AED2C8079B200C29415 /* 2_TextFieldProject.app */ = {
			isa = PBXReferenceProxy;
			fileType = wrapper.application;
			path = 2_TextFieldProject.app;
			remoteRef = DF2D9AEC2C8079B200C29415 /* PBXContainerItemProxy */;
			sourceTree = BUILT_PRODUCTS_DIR;
		};
/* End PBXReferenceProxy section */

/* Begin PBXResourcesBuildPhase section */
		DF1FFCAA2C6A42FF00C52627 /* Resources */ = {
			isa = PBXResourcesBuildPhase;
			buildActionMask = 2147483647;
			files = (
				DF2D9AF82C8079B300C29415 /* kakao_login_large_wide.png in Resources */,
				DF2D9B162C8079B300C29415 /* kakao_login_large_wide.png in Resources */,
				DF2D9B152C8079B300C29415 /* BanChango.png in Resources */,
				DF1FFCFE2C6A457B00C52627 /* .gitignore in Resources */,
				DF2D9B192C8079B300C29415 /* Config.xcconfig in Resources */,
				DF2D9AF72C8079B300C29415 /* BanChango.png in Resources */,
				DF1FFCB92C6A430000C52627 /* Assets.xcassets in Resources */,
				DF2D9B252C8079B300C29415 /* LaunchScreen.storyboard in Resources */,
				DF2D9B182C8079B300C29415 /* Assets.xcassets in Resources */,
				DF2D9B242C8079B300C29415 /* Info.plist in Resources */,
				DF2D9B0A2C8079B300C29415 /* Social-Login-SwiftUI-Info.plist in Resources */,
				DF2D9B112C8079B300C29415 /* Main.storyboard in Resources */,
				DF2D9B072C8079B300C29415 /* Config.xcconfig in Resources */,
				DF2D9B062C8079B300C29415 /* Assets.xcassets in Resources */,
				DF2D9AFA2C8079B300C29415 /* Config.xcconfig in Resources */,
				DF2D9B0E2C8079B300C29415 /* Info.plist in Resources */,
				DF1FFCBC2C6A430000C52627 /* Base in Resources */,
				DF1FFD012C6A471400C52627 /* readme.md in Resources */,
				DF2D9B142C8079B300C29415 /* readme.md in Resources */,
				DF2D9B002C8079B300C29415 /* Main.storyboard in Resources */,
				DF2D9B1C2C8079B300C29415 /* LaunchScreen.storyboard in Resources */,
				DF2D9B262C8079B300C29415 /* Main.storyboard in Resources */,
				DF2D9AFB2C8079B300C29415 /* GoogleService-Info.plist in Resources */,
				DF2D9AFC2C8079B300C29415 /* Info.plist in Resources */,
				DF2D9B212C8079B300C29415 /* readme.md in Resources */,
				DF2D9B1E2C8079B300C29415 /* Main.storyboard in Resources */,
				DF2D9B1A2C8079B300C29415 /* Info.plist in Resources */,
				DF2D9B052C8079B300C29415 /* Preview Assets.xcassets in Resources */,
				DF2D9B0D2C8079B300C29415 /* Config.xcconfig in Resources */,
				DF2D9AFE2C8079B300C29415 /* LaunchScreen.storyboard in Resources */,
				DF2D9AF92C8079B300C29415 /* Assets.xcassets in Resources */,
				DF2D9B102C8079B300C29415 /* LaunchScreen.storyboard in Resources */,
				DF2D9B0C2C8079B300C29415 /* Assets.xcassets in Resources */,
				DF2D9B232C8079B300C29415 /* Assets.xcassets in Resources */,
				DF1FFCB72C6A42FF00C52627 /* Base in Resources */,
			);
			runOnlyForDeploymentPostprocessing = 0;
		};
/* End PBXResourcesBuildPhase section */

/* Begin PBXSourcesBuildPhase section */
		DF1FFCA82C6A42FF00C52627 /* Sources */ = {
			isa = PBXSourcesBuildPhase;
			buildActionMask = 2147483647;
			files = (
				DF2D9B1D2C8079B300C29415 /* LoginViewController.swift in Sources */,
				DF2D9AFF2C8079B300C29415 /* LoginViewController.swift in Sources */,
				DF2D9B272C8079B300C29415 /* SceneDelegate.swift in Sources */,
				DF2D9AF02C8079B300C29415 /* FourthViewController.swift in Sources */,
				DF2D9AF62C8079B300C29415 /* MyFirestore.swift in Sources */,
				DF2D9B042C8079B300C29415 /* MySceneDelegate.swift in Sources */,
				DF2D9AEF2C8079B300C29415 /* FirstViewController.swift in Sources */,
				DF2D9AEE2C8079B300C29415 /* FifthViewController.swift in Sources */,
				DF2D9B132C8079B300C29415 /* ViewController.swift in Sources */,
				DF2D9B122C8079B300C29415 /* SceneDelegate.swift in Sources */,
				DF2D9AF32C8079B300C29415 /* AppDelegate.swift in Sources */,
				DF1FFCB42C6A42FF00C52627 /* ViewController.swift in Sources */,
				DF2D9B082C8079B300C29415 /* ContentView.swift in Sources */,
				DF2D9AF42C8079B300C29415 /* SceneDelegate.swift in Sources */,
				DF2D9B282C8079B300C29415 /* ViewController.swift in Sources */,
				DF2D9B092C8079B300C29415 /* Social_Login_SwiftUIApp.swift in Sources */,
				DF2D9B172C8079B300C29415 /* AppDelegate.swift in Sources */,
				DF2D9B1F2C8079B300C29415 /* SceneDelegate.swift in Sources */,
				DF2D9AF12C8079B300C29415 /* SecondViewController.swift in Sources */,
				DF2D9B032C8079B300C29415 /* MyAppDelegate.swift in Sources */,
				DF2D9B222C8079B300C29415 /* AppDelegate.swift in Sources */,
				DF2D9AF52C8079B300C29415 /* FirebaseFirestoreSwift.swift in Sources */,
				DF2D9B012C8079B300C29415 /* KakaoAuthVM.swift in Sources */,
				DF2D9B202C8079B300C29415 /* ViewController.swift in Sources */,
				DF1FFCB02C6A42FF00C52627 /* AppDelegate.swift in Sources */,
				DF2D9B0F2C8079B300C29415 /* KakaoAuthVM.swift in Sources */,
				DF2D9AF22C8079B300C29415 /* ThirdViewController.swift in Sources */,
				DF2D9AFD2C8079B300C29415 /* KakaoAuthVM.swift in Sources */,
				DF2D9B0B2C8079B300C29415 /* AppDelegate.swift in Sources */,
				DF2D9B022C8079B300C29415 /* LoginView.swift in Sources */,
				DF2D9B1B2C8079B300C29415 /* KakaoAuthVM.swift in Sources */,
				DF1FFCB22C6A42FF00C52627 /* SceneDelegate.swift in Sources */,
			);
			runOnlyForDeploymentPostprocessing = 0;
		};
/* End PBXSourcesBuildPhase section */

/* Begin PBXVariantGroup section */
		DF1FFCB52C6A42FF00C52627 /* Main.storyboard */ = {
			isa = PBXVariantGroup;
			children = (
				DF1FFCB62C6A42FF00C52627 /* Base */,
			);
			name = Main.storyboard;
			sourceTree = "<group>";
		};
		DF1FFCBA2C6A430000C52627 /* LaunchScreen.storyboard */ = {
			isa = PBXVariantGroup;
			children = (
				DF1FFCBB2C6A430000C52627 /* Base */,
			);
			name = LaunchScreen.storyboard;
			sourceTree = "<group>";
		};
		DF2D9A8F2C8079B200C29415 /* LaunchScreen.storyboard */ = {
			isa = PBXVariantGroup;
			children = (
				DF2D9A8E2C8079B200C29415 /* Base */,
			);
			name = LaunchScreen.storyboard;
			sourceTree = "<group>";
		};
		DF2D9A922C8079B200C29415 /* Main.storyboard */ = {
			isa = PBXVariantGroup;
			children = (
				DF2D9A912C8079B200C29415 /* Base */,
			);
			name = Main.storyboard;
			sourceTree = "<group>";
		};
		DF2D9AB12C8079B200C29415 /* LaunchScreen.storyboard */ = {
			isa = PBXVariantGroup;
			children = (
				DF2D9AB02C8079B200C29415 /* Base */,
			);
			name = LaunchScreen.storyboard;
			sourceTree = "<group>";
		};
		DF2D9AB32C8079B200C29415 /* Main.storyboard */ = {
			isa = PBXVariantGroup;
			children = (
				DF2D9AB22C8079B200C29415 /* Base */,
			);
			name = Main.storyboard;
			sourceTree = "<group>";
		};
		DF2D9AC32C8079B200C29415 /* LaunchScreen.storyboard */ = {
			isa = PBXVariantGroup;
			children = (
				DF2D9AC22C8079B200C29415 /* Base */,
			);
			name = LaunchScreen.storyboard;
			sourceTree = "<group>";
		};
		DF2D9AC62C8079B200C29415 /* Main.storyboard */ = {
			isa = PBXVariantGroup;
			children = (
				DF2D9AC52C8079B200C29415 /* Base */,
			);
			name = Main.storyboard;
			sourceTree = "<group>";
		};
		DF2D9AE12C8079B200C29415 /* LaunchScreen.storyboard */ = {
			isa = PBXVariantGroup;
			children = (
				DF2D9AE02C8079B200C29415 /* Base */,
			);
			name = LaunchScreen.storyboard;
			sourceTree = "<group>";
		};
		DF2D9AE32C8079B200C29415 /* Main.storyboard */ = {
			isa = PBXVariantGroup;
			children = (
				DF2D9AE22C8079B200C29415 /* Base */,
			);
			name = Main.storyboard;
			sourceTree = "<group>";
		};
/* End PBXVariantGroup section */

/* Begin XCBuildConfiguration section */
		DF1FFCBE2C6A430000C52627 /* Debug */ = {
			isa = XCBuildConfiguration;
			buildSettings = {
				ALWAYS_SEARCH_USER_PATHS = NO;
				ASSETCATALOG_COMPILER_GENERATE_SWIFT_ASSET_SYMBOL_EXTENSIONS = YES;
				CLANG_ANALYZER_NONNULL = YES;
				CLANG_ANALYZER_NUMBER_OBJECT_CONVERSION = YES_AGGRESSIVE;
				CLANG_CXX_LANGUAGE_STANDARD = "gnu++20";
				CLANG_ENABLE_MODULES = YES;
				CLANG_ENABLE_OBJC_ARC = YES;
				CLANG_ENABLE_OBJC_WEAK = YES;
				CLANG_WARN_BLOCK_CAPTURE_AUTORELEASING = YES;
				CLANG_WARN_BOOL_CONVERSION = YES;
				CLANG_WARN_COMMA = YES;
				CLANG_WARN_CONSTANT_CONVERSION = YES;
				CLANG_WARN_DEPRECATED_OBJC_IMPLEMENTATIONS = YES;
				CLANG_WARN_DIRECT_OBJC_ISA_USAGE = YES_ERROR;
				CLANG_WARN_DOCUMENTATION_COMMENTS = YES;
				CLANG_WARN_EMPTY_BODY = YES;
				CLANG_WARN_ENUM_CONVERSION = YES;
				CLANG_WARN_INFINITE_RECURSION = YES;
				CLANG_WARN_INT_CONVERSION = YES;
				CLANG_WARN_NON_LITERAL_NULL_CONVERSION = YES;
				CLANG_WARN_OBJC_IMPLICIT_RETAIN_SELF = YES;
				CLANG_WARN_OBJC_LITERAL_CONVERSION = YES;
				CLANG_WARN_OBJC_ROOT_CLASS = YES_ERROR;
				CLANG_WARN_QUOTED_INCLUDE_IN_FRAMEWORK_HEADER = YES;
				CLANG_WARN_RANGE_LOOP_ANALYSIS = YES;
				CLANG_WARN_STRICT_PROTOTYPES = YES;
				CLANG_WARN_SUSPICIOUS_MOVE = YES;
				CLANG_WARN_UNGUARDED_AVAILABILITY = YES_AGGRESSIVE;
				CLANG_WARN_UNREACHABLE_CODE = YES;
				CLANG_WARN__DUPLICATE_METHOD_MATCH = YES;
				COPY_PHASE_STRIP = NO;
				DEBUG_INFORMATION_FORMAT = dwarf;
				ENABLE_STRICT_OBJC_MSGSEND = YES;
				ENABLE_TESTABILITY = YES;
				ENABLE_USER_SCRIPT_SANDBOXING = YES;
				GCC_C_LANGUAGE_STANDARD = gnu17;
				GCC_DYNAMIC_NO_PIC = NO;
				GCC_NO_COMMON_BLOCKS = YES;
				GCC_OPTIMIZATION_LEVEL = 0;
				GCC_PREPROCESSOR_DEFINITIONS = (
					"DEBUG=1",
					"$(inherited)",
				);
				GCC_WARN_64_TO_32_BIT_CONVERSION = YES;
				GCC_WARN_ABOUT_RETURN_TYPE = YES_ERROR;
				GCC_WARN_UNDECLARED_SELECTOR = YES;
				GCC_WARN_UNINITIALIZED_AUTOS = YES_AGGRESSIVE;
				GCC_WARN_UNUSED_FUNCTION = YES;
				GCC_WARN_UNUSED_VARIABLE = YES;
				IPHONEOS_DEPLOYMENT_TARGET = 17.5;
				LOCALIZATION_PREFERS_STRING_CATALOGS = YES;
				MTL_ENABLE_DEBUG_INFO = INCLUDE_SOURCE;
				MTL_FAST_MATH = YES;
				ONLY_ACTIVE_ARCH = YES;
				SDKROOT = iphoneos;
				SWIFT_ACTIVE_COMPILATION_CONDITIONS = "DEBUG $(inherited)";
				SWIFT_OPTIMIZATION_LEVEL = "-Onone";
			};
			name = Debug;
		};
		DF1FFCBF2C6A430000C52627 /* Release */ = {
			isa = XCBuildConfiguration;
			buildSettings = {
				ALWAYS_SEARCH_USER_PATHS = NO;
				ASSETCATALOG_COMPILER_GENERATE_SWIFT_ASSET_SYMBOL_EXTENSIONS = YES;
				CLANG_ANALYZER_NONNULL = YES;
				CLANG_ANALYZER_NUMBER_OBJECT_CONVERSION = YES_AGGRESSIVE;
				CLANG_CXX_LANGUAGE_STANDARD = "gnu++20";
				CLANG_ENABLE_MODULES = YES;
				CLANG_ENABLE_OBJC_ARC = YES;
				CLANG_ENABLE_OBJC_WEAK = YES;
				CLANG_WARN_BLOCK_CAPTURE_AUTORELEASING = YES;
				CLANG_WARN_BOOL_CONVERSION = YES;
				CLANG_WARN_COMMA = YES;
				CLANG_WARN_CONSTANT_CONVERSION = YES;
				CLANG_WARN_DEPRECATED_OBJC_IMPLEMENTATIONS = YES;
				CLANG_WARN_DIRECT_OBJC_ISA_USAGE = YES_ERROR;
				CLANG_WARN_DOCUMENTATION_COMMENTS = YES;
				CLANG_WARN_EMPTY_BODY = YES;
				CLANG_WARN_ENUM_CONVERSION = YES;
				CLANG_WARN_INFINITE_RECURSION = YES;
				CLANG_WARN_INT_CONVERSION = YES;
				CLANG_WARN_NON_LITERAL_NULL_CONVERSION = YES;
				CLANG_WARN_OBJC_IMPLICIT_RETAIN_SELF = YES;
				CLANG_WARN_OBJC_LITERAL_CONVERSION = YES;
				CLANG_WARN_OBJC_ROOT_CLASS = YES_ERROR;
				CLANG_WARN_QUOTED_INCLUDE_IN_FRAMEWORK_HEADER = YES;
				CLANG_WARN_RANGE_LOOP_ANALYSIS = YES;
				CLANG_WARN_STRICT_PROTOTYPES = YES;
				CLANG_WARN_SUSPICIOUS_MOVE = YES;
				CLANG_WARN_UNGUARDED_AVAILABILITY = YES_AGGRESSIVE;
				CLANG_WARN_UNREACHABLE_CODE = YES;
				CLANG_WARN__DUPLICATE_METHOD_MATCH = YES;
				COPY_PHASE_STRIP = NO;
				DEBUG_INFORMATION_FORMAT = "dwarf-with-dsym";
				ENABLE_NS_ASSERTIONS = NO;
				ENABLE_STRICT_OBJC_MSGSEND = YES;
				ENABLE_USER_SCRIPT_SANDBOXING = YES;
				GCC_C_LANGUAGE_STANDARD = gnu17;
				GCC_NO_COMMON_BLOCKS = YES;
				GCC_WARN_64_TO_32_BIT_CONVERSION = YES;
				GCC_WARN_ABOUT_RETURN_TYPE = YES_ERROR;
				GCC_WARN_UNDECLARED_SELECTOR = YES;
				GCC_WARN_UNINITIALIZED_AUTOS = YES_AGGRESSIVE;
				GCC_WARN_UNUSED_FUNCTION = YES;
				GCC_WARN_UNUSED_VARIABLE = YES;
				IPHONEOS_DEPLOYMENT_TARGET = 17.5;
				LOCALIZATION_PREFERS_STRING_CATALOGS = YES;
				MTL_ENABLE_DEBUG_INFO = NO;
				MTL_FAST_MATH = YES;
				SDKROOT = iphoneos;
				SWIFT_COMPILATION_MODE = wholemodule;
				VALIDATE_PRODUCT = YES;
			};
			name = Release;
		};
		DF1FFCC12C6A430000C52627 /* Debug */ = {
			isa = XCBuildConfiguration;
			buildSettings = {
				ASSETCATALOG_COMPILER_APPICON_NAME = AppIcon;
				ASSETCATALOG_COMPILER_GLOBAL_ACCENT_COLOR_NAME = AccentColor;
				CODE_SIGN_STYLE = Automatic;
				CURRENT_PROJECT_VERSION = 1;
				DEVELOPMENT_TEAM = LGX4B4WC66;
				GENERATE_INFOPLIST_FILE = YES;
				INFOPLIST_FILE = iOSDevLibrary/Info.plist;
				INFOPLIST_KEY_UIApplicationSupportsIndirectInputEvents = YES;
				INFOPLIST_KEY_UILaunchStoryboardName = LaunchScreen;
				INFOPLIST_KEY_UIMainStoryboardFile = Main;
				INFOPLIST_KEY_UISupportedInterfaceOrientations_iPad = "UIInterfaceOrientationPortrait UIInterfaceOrientationPortraitUpsideDown UIInterfaceOrientationLandscapeLeft UIInterfaceOrientationLandscapeRight";
				INFOPLIST_KEY_UISupportedInterfaceOrientations_iPhone = "UIInterfaceOrientationPortrait UIInterfaceOrientationLandscapeLeft UIInterfaceOrientationLandscapeRight";
				LD_RUNPATH_SEARCH_PATHS = (
					"$(inherited)",
					"@executable_path/Frameworks",
				);
				MARKETING_VERSION = 1.0;
				PRODUCT_BUNDLE_IDENTIFIER = com.indextrown.iOSDevLibrary;
				PRODUCT_NAME = "$(TARGET_NAME)";
				SWIFT_EMIT_LOC_STRINGS = YES;
				SWIFT_VERSION = 5.0;
				TARGETED_DEVICE_FAMILY = "1,2";
			};
			name = Debug;
		};
		DF1FFCC22C6A430000C52627 /* Release */ = {
			isa = XCBuildConfiguration;
			buildSettings = {
				ASSETCATALOG_COMPILER_APPICON_NAME = AppIcon;
				ASSETCATALOG_COMPILER_GLOBAL_ACCENT_COLOR_NAME = AccentColor;
				CODE_SIGN_STYLE = Automatic;
				CURRENT_PROJECT_VERSION = 1;
				DEVELOPMENT_TEAM = LGX4B4WC66;
				GENERATE_INFOPLIST_FILE = YES;
				INFOPLIST_FILE = iOSDevLibrary/Info.plist;
				INFOPLIST_KEY_UIApplicationSupportsIndirectInputEvents = YES;
				INFOPLIST_KEY_UILaunchStoryboardName = LaunchScreen;
				INFOPLIST_KEY_UIMainStoryboardFile = Main;
				INFOPLIST_KEY_UISupportedInterfaceOrientations_iPad = "UIInterfaceOrientationPortrait UIInterfaceOrientationPortraitUpsideDown UIInterfaceOrientationLandscapeLeft UIInterfaceOrientationLandscapeRight";
				INFOPLIST_KEY_UISupportedInterfaceOrientations_iPhone = "UIInterfaceOrientationPortrait UIInterfaceOrientationLandscapeLeft UIInterfaceOrientationLandscapeRight";
				LD_RUNPATH_SEARCH_PATHS = (
					"$(inherited)",
					"@executable_path/Frameworks",
				);
				MARKETING_VERSION = 1.0;
				PRODUCT_BUNDLE_IDENTIFIER = com.indextrown.iOSDevLibrary;
				PRODUCT_NAME = "$(TARGET_NAME)";
				SWIFT_EMIT_LOC_STRINGS = YES;
				SWIFT_VERSION = 5.0;
				TARGETED_DEVICE_FAMILY = "1,2";
			};
			name = Release;
		};
/* End XCBuildConfiguration section */

/* Begin XCConfigurationList section */
		DF1FFCA72C6A42FF00C52627 /* Build configuration list for PBXProject "iOSDevLibrary" */ = {
			isa = XCConfigurationList;
			buildConfigurations = (
				DF1FFCBE2C6A430000C52627 /* Debug */,
				DF1FFCBF2C6A430000C52627 /* Release */,
			);
			defaultConfigurationIsVisible = 0;
			defaultConfigurationName = Release;
		};
		DF1FFCC02C6A430000C52627 /* Build configuration list for PBXNativeTarget "iOSDevLibrary" */ = {
			isa = XCConfigurationList;
			buildConfigurations = (
				DF1FFCC12C6A430000C52627 /* Debug */,
				DF1FFCC22C6A430000C52627 /* Release */,
			);
			defaultConfigurationIsVisible = 0;
			defaultConfigurationName = Release;
		};
/* End XCConfigurationList section */
	};
	rootObject = DF1FFCA42C6A42FF00C52627 /* Project object */;
}
